<?xml version="1.0" encoding="utf-8"?>
<Project ToolsVersion="4.0" xmlns="http://schemas.microsoft.com/developer/msbuild/2003">
  <ItemGroup>
    <Filter Include="Source Files">
      <UniqueIdentifier>{4FC737F1-C7A5-4376-A066-2A32D752A2FF}</UniqueIdentifier>
      <Extensions>cpp;c;cc;cxx;c++;cppm;ixx;def;odl;idl;hpj;bat;asm;asmx</Extensions>
    </Filter>
    <Filter Include="Header Files">
      <UniqueIdentifier>{93995380-89BD-4b04-88EB-625FBE52EBFB}</UniqueIdentifier>
      <Extensions>h;hh;hpp;hxx;h++;hm;inl;inc;ipp;xsd</Extensions>
    </Filter>
    <Filter Include="Resource Files">
      <UniqueIdentifier>{67DA6AB6-F800-4c08-8B7A-83BB121AAD01}</UniqueIdentifier>
      <Extensions>rc;ico;cur;bmp;dlg;rc2;rct;bin;rgs;gif;jpg;jpeg;jpe;resx;tiff;tif;png;wav;mfcribbon-ms</Extensions>
    </Filter>
    <Filter Include="Header Files\Base Objects">
      <UniqueIdentifier>{274e96e8-de7a-41ad-8594-90bd68f0f353}</UniqueIdentifier>
    </Filter>
    <Filter Include="Header Files\JS Engine">
      <UniqueIdentifier>{0bfc6dfc-539a-4feb-926a-7dcf248b105a}</UniqueIdentifier>
    </Filter>
    <Filter Include="Header Files\Network">
      <UniqueIdentifier>{0e099317-e932-45be-996c-fcb43d4d42ab}</UniqueIdentifier>
    </Filter>
    <Filter Include="Header Files\Other">
      <UniqueIdentifier>{8898a532-b7e0-4f91-8755-27d7100c6c45}</UniqueIdentifier>
    </Filter>
    <Filter Include="Header Files\Script">
      <UniqueIdentifier>{e7c93d8f-387d-4b78-b573-51b5cce671eb}</UniqueIdentifier>
    </Filter>
    <Filter Include="Header Files\Subsystem">
      <UniqueIdentifier>{701247da-b7de-4859-81f3-42a84d34a445}</UniqueIdentifier>
    </Filter>
    <Filter Include="Header Files\UOData">
      <UniqueIdentifier>{3b23bdce-f84c-4264-b241-5c745928b4c0}</UniqueIdentifier>
    </Filter>
    <Filter Include="Header Files\Utility">
      <UniqueIdentifier>{30d280c4-5fd2-41c6-97ee-f9a8f03fcc63}</UniqueIdentifier>
    </Filter>
    <Filter Include="Source Files\Base Objects">
      <UniqueIdentifier>{0bfee963-d056-4eb6-9f61-8861eb79d979}</UniqueIdentifier>
    </Filter>
    <Filter Include="Source Files\JS Engine">
      <UniqueIdentifier>{1c962ff3-a42a-4894-acc5-898005fb981d}</UniqueIdentifier>
    </Filter>
    <Filter Include="Source Files\Network">
      <UniqueIdentifier>{5450e04f-62a4-441f-ba5e-7fad214a483b}</UniqueIdentifier>
    </Filter>
    <Filter Include="Source Files\Other">
      <UniqueIdentifier>{1f38c55b-c2ca-4548-9384-dc297d476d71}</UniqueIdentifier>
    </Filter>
    <Filter Include="Source Files\Script">
      <UniqueIdentifier>{926f0a88-1049-4700-bded-7ccd6524e438}</UniqueIdentifier>
    </Filter>
    <Filter Include="Source Files\Subsystem">
      <UniqueIdentifier>{da730940-f39f-41b5-96c1-05e690d46584}</UniqueIdentifier>
    </Filter>
    <Filter Include="Source Files\UOData">
      <UniqueIdentifier>{309ef513-f9c9-426d-aa44-6e03659b6d44}</UniqueIdentifier>
    </Filter>
    <Filter Include="Source Files\Utility">
      <UniqueIdentifier>{65548359-8d35-4132-98a1-d9e33044a8f7}</UniqueIdentifier>
    </Filter>
  </ItemGroup>
  <ItemGroup>
    <ClInclude Include="..\source\ConfigOS.h">
      <Filter>Header Files</Filter>
    </ClInclude>
    <ClInclude Include="..\source\GenericList.h">
      <Filter>Header Files</Filter>
    </ClInclude>
    <ClInclude Include="..\source\Prerequisites.h">
      <Filter>Header Files</Filter>
    </ClInclude>
    <ClInclude Include="..\source\UOXStdHeaders.h">
      <Filter>Header Files</Filter>
    </ClInclude>
    <ClInclude Include="..\source\cConsole.h">
      <Filter>Header Files\Base Objects</Filter>
    </ClInclude>
    <ClInclude Include="..\source\cThreadQueue.h">
      <Filter>Header Files\Base Objects</Filter>
    </ClInclude>
    <ClInclude Include="..\source\funcdecl.h">
      <Filter>Header Files\Base Objects</Filter>
    </ClInclude>
    <ClInclude Include="..\source\PageVector.h">
      <Filter>Header Files\Base Objects</Filter>
    </ClInclude>
    <ClInclude Include="..\source\speech.h">
      <Filter>Header Files\Base Objects</Filter>
    </ClInclude>
    <ClInclude Include="..\source\uoxstruct.h">
      <Filter>Header Files\Base Objects</Filter>
    </ClInclude>
    <ClInclude Include="..\source\cBaseObject.h">
      <Filter>Header Files\Base Objects</Filter>
    </ClInclude>
    <ClInclude Include="..\source\cChar.h">
      <Filter>Header Files\Base Objects</Filter>
    </ClInclude>
    <ClInclude Include="..\source\cGuild.h">
      <Filter>Header Files\Base Objects</Filter>
    </ClInclude>
    <ClInclude Include="..\source\cItem.h">
      <Filter>Header Files\Base Objects</Filter>
    </ClInclude>
    <ClInclude Include="..\source\cMultiObj.h">
      <Filter>Header Files\Base Objects</Filter>
    </ClInclude>
    <ClInclude Include="..\source\cSocket.h">
      <Filter>Header Files\Base Objects</Filter>
    </ClInclude>
    <ClInclude Include="..\source\CJSEngine.h">
      <Filter>Header Files\JS Engine</Filter>
    </ClInclude>
    <ClInclude Include="..\source\CJSMapping.h">
      <Filter>Header Files\JS Engine</Filter>
    </ClInclude>
    <ClInclude Include="..\source\cScript.h">
      <Filter>Header Files\JS Engine</Filter>
    </ClInclude>
    <ClInclude Include="..\source\JSEncapsulate.h">
      <Filter>Header Files\JS Engine</Filter>
    </ClInclude>
    <ClInclude Include="..\source\SEFunctions.h">
      <Filter>Header Files\JS Engine</Filter>
    </ClInclude>
    <ClInclude Include="..\source\UOXJSClasses.h">
      <Filter>Header Files\JS Engine</Filter>
    </ClInclude>
    <ClInclude Include="..\source\UOXJSMethods.h">
      <Filter>Header Files\JS Engine</Filter>
    </ClInclude>
    <ClInclude Include="..\source\UOXJSPropertyEnums.h">
      <Filter>Header Files\JS Engine</Filter>
    </ClInclude>
    <ClInclude Include="..\source\UOXJSPropertyFuncs.h">
      <Filter>Header Files\JS Engine</Filter>
    </ClInclude>
    <ClInclude Include="..\source\UOXJSPropertySpecs.h">
      <Filter>Header Files\JS Engine</Filter>
    </ClInclude>
    <ClInclude Include="..\source\CPacketReceive.h">
      <Filter>Header Files\Network</Filter>
    </ClInclude>
    <ClInclude Include="..\source\CPacketSend.h">
      <Filter>Header Files\Network</Filter>
    </ClInclude>
    <ClInclude Include="..\source\IP4Address.hpp">
      <Filter>Header Files\Network</Filter>
    </ClInclude>
    <ClInclude Include="..\source\network.h">
      <Filter>Header Files\Network</Filter>
    </ClInclude>
    <ClInclude Include="..\source\classes.h">
      <Filter>Header Files\Other</Filter>
    </ClInclude>
    <ClInclude Include="..\source\cmdtable.h">
      <Filter>Header Files\Other</Filter>
    </ClInclude>
    <ClInclude Include="..\source\CResponse.h">
      <Filter>Header Files\Other</Filter>
    </ClInclude>
    <ClInclude Include="..\source\cSkillClass.h">
      <Filter>Header Files\Other</Filter>
    </ClInclude>
    <ClInclude Include="..\source\cSpawnRegion.h">
      <Filter>Header Files\Other</Filter>
    </ClInclude>
    <ClInclude Include="..\source\cVersionClass.h">
      <Filter>Header Files\Other</Filter>
    </ClInclude>
    <ClInclude Include="..\source\enums.h">
      <Filter>Header Files\Other</Filter>
    </ClInclude>
    <ClInclude Include="..\source\mapclasses.h">
      <Filter>Header Files\Other</Filter>
    </ClInclude>
    <ClInclude Include="..\source\power.h">
      <Filter>Header Files\Other</Filter>
    </ClInclude>
    <ClInclude Include="..\source\resource.h">
      <Filter>Header Files\Other</Filter>
    </ClInclude>
    <ClInclude Include="..\source\townregion.h">
      <Filter>Header Files\Other</Filter>
    </ClInclude>
    <ClInclude Include="..\source\typedefs.h">
      <Filter>Header Files\Other</Filter>
    </ClInclude>
    <ClInclude Include="..\source\uox3.h">
      <Filter>Header Files\Other</Filter>
    </ClInclude>
    <ClInclude Include="..\source\cdice.h">
      <Filter>Header Files\Other</Filter>
    </ClInclude>
    <ClInclude Include="..\source\cServerDefinitions.h">
      <Filter>Header Files\Script</Filter>
    </ClInclude>
    <ClInclude Include="..\source\cServerData.h">
      <Filter>Header Files\Script</Filter>
    </ClInclude>
    <ClInclude Include="..\source\Dictionary.h">
      <Filter>Header Files\Script</Filter>
    </ClInclude>
    <ClInclude Include="..\source\scriptc.h">
      <Filter>Header Files\Script</Filter>
    </ClInclude>
    <ClInclude Include="..\source\ssection.h">
      <Filter>Header Files\Script</Filter>
    </ClInclude>
    <ClInclude Include="..\source\books.h">
      <Filter>Header Files\Subsystem</Filter>
    </ClInclude>
    <ClInclude Include="..\source\cAccountClass.h">
      <Filter>Header Files\Subsystem</Filter>
    </ClInclude>
    <ClInclude Include="..\source\cEffects.h">
      <Filter>Header Files\Subsystem</Filter>
    </ClInclude>
    <ClInclude Include="..\source\cHTMLSystem.h">
      <Filter>Header Files\Subsystem</Filter>
    </ClInclude>
    <ClInclude Include="..\source\cMagic.h">
      <Filter>Header Files\Subsystem</Filter>
    </ClInclude>
    <ClInclude Include="..\source\combat.h">
      <Filter>Header Files\Subsystem</Filter>
    </ClInclude>
    <ClInclude Include="..\source\commands.h">
      <Filter>Header Files\Subsystem</Filter>
    </ClInclude>
    <ClInclude Include="..\source\jail.h">
      <Filter>Header Files\Subsystem</Filter>
    </ClInclude>
    <ClInclude Include="..\source\magic.h">
      <Filter>Header Files\Subsystem</Filter>
    </ClInclude>
    <ClInclude Include="..\source\mapstuff.h">
      <Filter>Header Files\Subsystem</Filter>
    </ClInclude>
    <ClInclude Include="..\source\movement.h">
      <Filter>Header Files\Subsystem</Filter>
    </ClInclude>
    <ClInclude Include="..\source\regions.h">
      <Filter>Header Files\Subsystem</Filter>
    </ClInclude>
    <ClInclude Include="..\source\skills.h">
      <Filter>Header Files\Subsystem</Filter>
    </ClInclude>
    <ClInclude Include="..\source\teffect.h">
      <Filter>Header Files\Subsystem</Filter>
    </ClInclude>
    <ClInclude Include="..\source\weight.h">
      <Filter>Header Files\Subsystem</Filter>
    </ClInclude>
    <ClInclude Include="..\source\wholist.h">
      <Filter>Header Files\Subsystem</Filter>
    </ClInclude>
    <ClInclude Include="..\source\worldmain.h">
      <Filter>Header Files\Subsystem</Filter>
    </ClInclude>
    <ClInclude Include="..\source\MultiMul.hpp">
      <Filter>Header Files\UOData</Filter>
    </ClInclude>
    <ClInclude Include="..\source\UOPData.hpp">
      <Filter>Header Files\UOData</Filter>
    </ClInclude>
    <ClInclude Include="..\source\EventTimer.hpp">
      <Filter>Header Files\Utility</Filter>
    </ClInclude>
    <ClInclude Include="..\source\StringUtility.hpp">
      <Filter>Header Files\Utility</Filter>
    </ClInclude>
    <ClInclude Include="..\source\TimeUtility.hpp">
      <Filter>Header Files\Utility</Filter>
    </ClInclude>
    <ClInclude Include="..\source\cWeather.hpp">
      <Filter>Header Files\Subsystem</Filter>
    </ClInclude>
    <ClInclude Include="..\source\PartySystem.h">
      <Filter>Header Files\Subsystem</Filter>
    </ClInclude>
    <ClInclude Include="..\source\cRaces.h">
      <Filter>Header Files\Other</Filter>
    </ClInclude>
    <ClInclude Include="..\source\gump.h">
      <Filter>Header Files\Other</Filter>
    </ClInclude>
    <ClInclude Include="..\source\msgboard.h">
      <Filter>Header Files\Other</Filter>
    </ClInclude>
    <ClInclude Include="..\source\osunique.hpp">
      <Filter>Header Files</Filter>
    </ClInclude>
    <ClInclude Include="..\source\ObjectFactory.h">
      <Filter>Header Files</Filter>
    </ClInclude>
  </ItemGroup>
  <ItemGroup>
    <ClCompile Include="..\source\uox3.cpp">
      <Filter>Source Files</Filter>
    </ClCompile>
    <ClCompile Include="..\source\MultiMul.cpp">
      <Filter>Source Files\UOData</Filter>
    </ClCompile>
    <ClCompile Include="..\source\UOPData.cpp">
      <Filter>Source Files\UOData</Filter>
    </ClCompile>
    <ClCompile Include="..\source\TimeUtility.cpp">
      <Filter>Source Files\Utility</Filter>
    </ClCompile>
    <ClCompile Include="..\source\EventTimer.cpp">
      <Filter>Source Files\Utility</Filter>
    </ClCompile>
    <ClCompile Include="..\source\StringUtility.cpp">
      <Filter>Source Files\Utility</Filter>
    </ClCompile>
    <ClCompile Include="..\source\CJSEngine.cpp">
      <Filter>Source Files\JS Engine</Filter>
    </ClCompile>
    <ClCompile Include="..\source\CJSMapping.cpp">
      <Filter>Source Files\JS Engine</Filter>
    </ClCompile>
    <ClCompile Include="..\source\cScript.cpp">
      <Filter>Source Files\JS Engine</Filter>
    </ClCompile>
    <ClCompile Include="..\source\JSEncapsulate.cpp">
      <Filter>Source Files\JS Engine</Filter>
    </ClCompile>
    <ClCompile Include="..\source\SEFunctions.cpp">
      <Filter>Source Files\JS Engine</Filter>
    </ClCompile>
    <ClCompile Include="..\source\UOXJSMethods.cpp">
      <Filter>Source Files\JS Engine</Filter>
    </ClCompile>
    <ClCompile Include="..\source\UOXJSPropertyFuncs.cpp">
      <Filter>Source Files\JS Engine</Filter>
    </ClCompile>
    <ClCompile Include="..\source\CPacketReceive.cpp">
      <Filter>Source Files\Network</Filter>
    </ClCompile>
    <ClCompile Include="..\source\CPacketSend.cpp">
      <Filter>Source Files\Network</Filter>
    </ClCompile>
    <ClCompile Include="..\source\cSocket.cpp">
      <Filter>Source Files\Network</Filter>
    </ClCompile>
    <ClCompile Include="..\source\IP4Address.cpp">
      <Filter>Source Files\Network</Filter>
    </ClCompile>
    <ClCompile Include="..\source\network.cpp">
      <Filter>Source Files\Network</Filter>
    </ClCompile>
    <ClCompile Include="..\source\cBaseobject.cpp">
      <Filter>Source Files\Base Objects</Filter>
    </ClCompile>
    <ClCompile Include="..\source\cChar.cpp">
      <Filter>Source Files\Base Objects</Filter>
    </ClCompile>
    <ClCompile Include="..\source\cGuild.cpp">
      <Filter>Source Files\Base Objects</Filter>
    </ClCompile>
    <ClCompile Include="..\source\cItem.cpp">
      <Filter>Source Files\Base Objects</Filter>
    </ClCompile>
    <ClCompile Include="..\source\cMultiObj.cpp">
      <Filter>Source Files\Base Objects</Filter>
    </ClCompile>
    <ClCompile Include="..\source\vendor.cpp">
      <Filter>Source Files\Subsystem</Filter>
    </ClCompile>
    <ClCompile Include="..\source\boats.cpp">
      <Filter>Source Files\Subsystem</Filter>
    </ClCompile>
    <ClCompile Include="..\source\books.cpp">
      <Filter>Source Files\Subsystem</Filter>
    </ClCompile>
    <ClCompile Include="..\source\CGump.cpp">
      <Filter>Source Files\Subsystem</Filter>
    </ClCompile>
    <ClCompile Include="..\source\cRaces.cpp">
      <Filter>Source Files\Subsystem</Filter>
    </ClCompile>
    <ClCompile Include="..\source\gumps.cpp">
      <Filter>Source Files\Subsystem</Filter>
    </ClCompile>
    <ClCompile Include="..\source\house.cpp">
      <Filter>Source Files\Subsystem</Filter>
    </ClCompile>
    <ClCompile Include="..\source\msgboard.cpp">
      <Filter>Source Files\Subsystem</Filter>
    </ClCompile>
    <ClCompile Include="..\source\cDice.cpp">
      <Filter>Source Files\Other</Filter>
    </ClCompile>
    <ClCompile Include="..\source\ai.cpp">
      <Filter>Source Files\Other</Filter>
    </ClCompile>
    <ClCompile Include="..\source\archive.cpp">
      <Filter>Source Files\Other</Filter>
    </ClCompile>
    <ClCompile Include="..\source\calcfuncs.cpp">
      <Filter>Source Files\Other</Filter>
    </ClCompile>
    <ClCompile Include="..\source\cPlayerAction.cpp">
      <Filter>Source Files\Other</Filter>
    </ClCompile>
    <ClCompile Include="..\source\CResponse.cpp">
      <Filter>Source Files\Other</Filter>
    </ClCompile>
    <ClCompile Include="..\source\cVersionClass.cpp">
      <Filter>Source Files\Other</Filter>
    </ClCompile>
    <ClCompile Include="..\source\dist.cpp">
      <Filter>Source Files\Other</Filter>
    </ClCompile>
    <ClCompile Include="..\source\effect.cpp">
      <Filter>Source Files\Other</Filter>
    </ClCompile>
    <ClCompile Include="..\source\fileio.cpp">
      <Filter>Source Files\Other</Filter>
    </ClCompile>
    <ClCompile Include="..\source\findfuncs.cpp">
      <Filter>Source Files\Other</Filter>
    </ClCompile>
    <ClCompile Include="..\source\npcs.cpp">
      <Filter>Source Files\Other</Filter>
    </ClCompile>
    <ClCompile Include="..\source\pcmanage.cpp">
      <Filter>Source Files\Other</Filter>
    </ClCompile>
    <ClCompile Include="..\source\cAccountClass.cpp">
      <Filter>Source Files\Subsystem</Filter>
    </ClCompile>
    <ClCompile Include="..\source\cHTMLSystem.cpp">
      <Filter>Source Files\Subsystem</Filter>
    </ClCompile>
    <ClCompile Include="..\source\cmdtable.cpp">
      <Filter>Source Files\Subsystem</Filter>
    </ClCompile>
    <ClCompile Include="..\source\combat.cpp">
      <Filter>Source Files\Subsystem</Filter>
    </ClCompile>
    <ClCompile Include="..\source\commands.cpp">
      <Filter>Source Files\Subsystem</Filter>
    </ClCompile>
    <ClCompile Include="..\source\cServerData.cpp">
      <Filter>Source Files\Subsystem</Filter>
    </ClCompile>
    <ClCompile Include="..\source\cWeather.cpp">
      <Filter>Source Files\Subsystem</Filter>
    </ClCompile>
    <ClCompile Include="..\source\items.cpp">
      <Filter>Source Files\Subsystem</Filter>
    </ClCompile>
    <ClCompile Include="..\source\jail.cpp">
      <Filter>Source Files\Subsystem</Filter>
    </ClCompile>
    <ClCompile Include="..\source\lineofsight.cpp">
      <Filter>Source Files\Subsystem</Filter>
    </ClCompile>
    <ClCompile Include="..\source\magic.cpp">
      <Filter>Source Files\Subsystem</Filter>
    </ClCompile>
    <ClCompile Include="..\source\mapstuff.cpp">
      <Filter>Source Files\Subsystem</Filter>
    </ClCompile>
    <ClCompile Include="..\source\movement.cpp">
      <Filter>Source Files\Subsystem</Filter>
    </ClCompile>
    <ClCompile Include="..\source\quantityfuncs.cpp">
      <Filter>Source Files\Subsystem</Filter>
    </ClCompile>
    <ClCompile Include="..\source\regions.cpp">
      <Filter>Source Files\Subsystem</Filter>
    </ClCompile>
    <ClCompile Include="..\source\skills.cpp">
      <Filter>Source Files\Subsystem</Filter>
    </ClCompile>
    <ClCompile Include="..\source\sound.cpp">
      <Filter>Source Files\Subsystem</Filter>
    </ClCompile>
    <ClCompile Include="..\source\speech.cpp">
      <Filter>Source Files\Subsystem</Filter>
    </ClCompile>
    <ClCompile Include="..\source\targeting.cpp">
      <Filter>Source Files\Subsystem</Filter>
    </ClCompile>
    <ClCompile Include="..\source\trade.cpp">
      <Filter>Source Files\Subsystem</Filter>
    </ClCompile>
    <ClCompile Include="..\source\weight.cpp">
      <Filter>Source Files\Subsystem</Filter>
    </ClCompile>
    <ClCompile Include="..\source\wholist.cpp">
      <Filter>Source Files\Subsystem</Filter>
    </ClCompile>
    <ClCompile Include="..\source\worldmain.cpp">
      <Filter>Source Files\Subsystem</Filter>
    </ClCompile>
    <ClCompile Include="..\source\cServerDefinitions.cpp">
      <Filter>Source Files\Script</Filter>
    </ClCompile>
    <ClCompile Include="..\source\Dictionary.cpp">
      <Filter>Source Files\Script</Filter>
    </ClCompile>
    <ClCompile Include="..\source\scriptc.cpp">
      <Filter>Source Files\Script</Filter>
    </ClCompile>
    <ClCompile Include="..\source\ssection.cpp">
      <Filter>Source Files\Script</Filter>
    </ClCompile>
    <ClCompile Include="..\source\cConsole.cpp">
      <Filter>Source Files\Base Objects</Filter>
    </ClCompile>
    <ClCompile Include="..\source\cSpawnRegion.cpp">
      <Filter>Source Files\Base Objects</Filter>
    </ClCompile>
    <ClCompile Include="..\source\cThreadQueue.cpp">
      <Filter>Source Files\Base Objects</Filter>
    </ClCompile>
    <ClCompile Include="..\source\queue.cpp">
      <Filter>Source Files\Base Objects</Filter>
    </ClCompile>
    <ClCompile Include="..\source\townregion.cpp">
      <Filter>Source Files\Base Objects</Filter>
    </ClCompile>
    <ClCompile Include="..\source\PartySystem.cpp">
      <Filter>Source Files\Subsystem</Filter>
    </ClCompile>
    <ClCompile Include="..\source\ObjectFactory.cpp">
      <Filter>Source Files</Filter>
    </ClCompile>
    <ClCompile Include="..\source\osunique.cpp">
      <Filter>Source Files</Filter>
    </ClCompile>
  </ItemGroup>
  <ItemGroup>
    <Image Include="..\source\uox3.ico">
      <Filter>Resource Files</Filter>
    </Image>
  </ItemGroup>
  <ItemGroup>
    <ResourceCompile Include="..\source\uox3.rc">
      <Filter>Resource Files</Filter>
    </ResourceCompile>
  </ItemGroup>
</Project>