
Microsoft Visual Studio Solution File, Format Version 12.00
# Visual Studio Version 17
VisualStudioVersion = 17.0.32112.339
MinimumVisualStudioVersion = 10.0.40219.1
Project("{8BC9CEB8-8B4A-11D0-8D11-00A0C91BC942}") = "UOX3", "UOX3.vcxproj", "{BE057941-719E-4094-AF0C-6850B0A673AB}"
	ProjectSection(ProjectDependencies) = postProject
		{5A7B3C30-6BB3-4F52-9C99-504A7E8AC4AF} = {5A7B3C30-6BB3-4F52-9C99-504A7E8AC4AF}
		{19C56495-39F2-4A28-82D4-FB48B418FEC5} = {19C56495-39F2-4A28-82D4-FB48B418FEC5}
	EndProjectSection
EndProject
Project("{8BC9CEB8-8B4A-11D0-8D11-00A0C91BC942}") = "zlib", "zlib.vcxproj", "{5A7B3C30-6BB3-4F52-9C99-504A7E8AC4AF}"
EndProject
Project("{8BC9CEB8-8B4A-11D0-8D11-00A0C91BC942}") = "jsengine", "jsengine.vcxproj", "{19C56495-39F2-4A28-82D4-FB48B418FEC5}"
EndProject
Project("{2150E333-8FDC-42A3-9474-1A3956D46DE8}") = "Solution Items", "Solution Items", "{3F1DDBE7-DDB3-4E5B-B266-CDFEAB17CC40}"
	ProjectSection(SolutionItems) = preProject
		source\Changelog.txt = source\Changelog.txt
		source\CMakeLists.txt = source\CMakeLists.txt
	EndProjectSection
EndProject
Global
	GlobalSection(SolutionConfigurationPlatforms) = preSolution
		Debug|x64 = Debug|x64
		Debug|x86 = Debug|x86
		Release|x64 = Release|x64
		Release|x86 = Release|x86
	EndGlobalSection
	GlobalSection(ProjectConfigurationPlatforms) = postSolution
		{BE057941-719E-4094-AF0C-6850B0A673AB}.Debug|x64.ActiveCfg = Debug|x64
		{BE057941-719E-4094-AF0C-6850B0A673AB}.Debug|x64.Build.0 = Debug|x64
		{BE057941-719E-4094-AF0C-6850B0A673AB}.Debug|x86.ActiveCfg = Debug|Win32
		{BE057941-719E-4094-AF0C-6850B0A673AB}.Debug|x86.Build.0 = Debug|Win32
		{BE057941-719E-4094-AF0C-6850B0A673AB}.Release|x64.ActiveCfg = Release|x64
		{BE057941-719E-4094-AF0C-6850B0A673AB}.Release|x64.Build.0 = Release|x64
		{BE057941-719E-4094-AF0C-6850B0A673AB}.Release|x86.ActiveCfg = Release|Win32
		{BE057941-719E-4094-AF0C-6850B0A673AB}.Release|x86.Build.0 = Release|Win32
		{5A7B3C30-6BB3-4F52-9C99-504A7E8AC4AF}.Debug|x64.ActiveCfg = Debug|x64
		{5A7B3C30-6BB3-4F52-9C99-504A7E8AC4AF}.Debug|x64.Build.0 = Debug|x64
		{5A7B3C30-6BB3-4F52-9C99-504A7E8AC4AF}.Debug|x86.ActiveCfg = Debug|Win32
		{5A7B3C30-6BB3-4F52-9C99-504A7E8AC4AF}.Debug|x86.Build.0 = Debug|Win32
		{5A7B3C30-6BB3-4F52-9C99-504A7E8AC4AF}.Release|x64.ActiveCfg = Release|x64
		{5A7B3C30-6BB3-4F52-9C99-504A7E8AC4AF}.Release|x64.Build.0 = Release|x64
		{5A7B3C30-6BB3-4F52-9C99-504A7E8AC4AF}.Release|x86.ActiveCfg = Release|Win32
		{5A7B3C30-6BB3-4F52-9C99-504A7E8AC4AF}.Release|x86.Build.0 = Release|Win32
		{19C56495-39F2-4A28-82D4-FB48B418FEC5}.Debug|x64.ActiveCfg = Debug|x64
		{19C56495-39F2-4A28-82D4-FB48B418FEC5}.Debug|x64.Build.0 = Debug|x64
		{19C56495-39F2-4A28-82D4-FB48B418FEC5}.Debug|x86.ActiveCfg = Debug|Win32
		{19C56495-39F2-4A28-82D4-FB48B418FEC5}.Debug|x86.Build.0 = Debug|Win32
		{19C56495-39F2-4A28-82D4-FB48B418FEC5}.Release|x64.ActiveCfg = Release|x64
		{19C56495-39F2-4A28-82D4-FB48B418FEC5}.Release|x64.Build.0 = Release|x64
		{19C56495-39F2-4A28-82D4-FB48B418FEC5}.Release|x86.ActiveCfg = Release|Win32
		{19C56495-39F2-4A28-82D4-FB48B418FEC5}.Release|x86.Build.0 = Release|Win32
	EndGlobalSection
	GlobalSection(SolutionProperties) = preSolution
		HideSolutionNode = FALSE
	EndGlobalSection
	GlobalSection(ExtensibilityGlobals) = postSolution
		SolutionGuid = {B66B6027-4BEB-492B-A6DD-1475424A4DA9}
	EndGlobalSection
EndGlobal
