// !$*UTF8*$!
{
	archiveVersion = 1;
	classes = {
	};
	objectVersion = 55;
	objects = {

/* Begin PBXBuildFile section */
		6452D32227D3A7CB00E5AFB4 /* osunique.cpp in Sources */ = {isa = PBXBuildFile; fileRef = 6452D32127D3A7CB00E5AFB4 /* osunique.cpp */; };
		648AF6EE27CFEFA3009327DE /* libz.tbd in Frameworks */ = {isa = PBXBuildFile; fileRef = 648AF6ED27CFEF94009327DE /* libz.tbd */; platformFilters = (maccatalyst, macos, ); };
		648AF79627CFF2CD009327DE /* cConsole.cpp in Sources */ = {isa = PBXBuildFile; fileRef = 648AF6F627CFF2CC009327DE /* cConsole.cpp */; };
		648AF79727CFF2CD009327DE /* dist.cpp in Sources */ = {isa = PBXBuildFile; fileRef = 648AF6F727CFF2CC009327DE /* dist.cpp */; };
		648AF79827CFF2CD009327DE /* calcfuncs.cpp in Sources */ = {isa = PBXBuildFile; fileRef = 648AF6FA27CFF2CC009327DE /* calcfuncs.cpp */; };
		648AF79927CFF2CD009327DE /* CPacketReceive.cpp in Sources */ = {isa = PBXBuildFile; fileRef = 648AF6FC27CFF2CC009327DE /* CPacketReceive.cpp */; };
		648AF79A27CFF2CD009327DE /* cScript.cpp in Sources */ = {isa = PBXBuildFile; fileRef = 648AF6FD27CFF2CC009327DE /* cScript.cpp */; };
		648AF79B27CFF2CD009327DE /* uox3.cpp in Sources */ = {isa = PBXBuildFile; fileRef = 648AF70027CFF2CC009327DE /* uox3.cpp */; };
		648AF79C27CFF2CD009327DE /* boats.cpp in Sources */ = {isa = PBXBuildFile; fileRef = 648AF70127CFF2CC009327DE /* boats.cpp */; };
		648AF79D27CFF2CD009327DE /* IP4Address.cpp in Sources */ = {isa = PBXBuildFile; fileRef = 648AF70227CFF2CC009327DE /* IP4Address.cpp */; };
		648AF79E27CFF2CD009327DE /* cItem.cpp in Sources */ = {isa = PBXBuildFile; fileRef = 648AF70527CFF2CC009327DE /* cItem.cpp */; };
		648AF79F27CFF2CD009327DE /* worldmain.cpp in Sources */ = {isa = PBXBuildFile; fileRef = 648AF70727CFF2CC009327DE /* worldmain.cpp */; };
		648AF7A027CFF2CD009327DE /* cBaseobject.cpp in Sources */ = {isa = PBXBuildFile; fileRef = 648AF70827CFF2CC009327DE /* cBaseobject.cpp */; };
		648AF7A127CFF2CD009327DE /* cServerData.cpp in Sources */ = {isa = PBXBuildFile; fileRef = 648AF70A27CFF2CC009327DE /* cServerData.cpp */; };
		648AF7A227CFF2CD009327DE /* cMultiObj.cpp in Sources */ = {isa = PBXBuildFile; fileRef = 648AF70E27CFF2CC009327DE /* cMultiObj.cpp */; };
		648AF7A327CFF2CD009327DE /* jail.cpp in Sources */ = {isa = PBXBuildFile; fileRef = 648AF71227CFF2CC009327DE /* jail.cpp */; };
		648AF7A427CFF2CD009327DE /* cSocket.cpp in Sources */ = {isa = PBXBuildFile; fileRef = 648AF71427CFF2CC009327DE /* cSocket.cpp */; };
		648AF7A627CFF2CD009327DE /* queue.cpp in Sources */ = {isa = PBXBuildFile; fileRef = 648AF71727CFF2CC009327DE /* queue.cpp */; };
		648AF7A827CFF2CD009327DE /* SEFunctions.cpp in Sources */ = {isa = PBXBuildFile; fileRef = 648AF71B27CFF2CC009327DE /* SEFunctions.cpp */; };
		648AF7A927CFF2CD009327DE /* archive.cpp in Sources */ = {isa = PBXBuildFile; fileRef = 648AF71D27CFF2CC009327DE /* archive.cpp */; };
		648AF7AA27CFF2CD009327DE /* lineofsight.cpp in Sources */ = {isa = PBXBuildFile; fileRef = 648AF72027CFF2CC009327DE /* lineofsight.cpp */; };
		648AF7AB27CFF2CD009327DE /* TimeUtility.cpp in Sources */ = {isa = PBXBuildFile; fileRef = 648AF72527CFF2CC009327DE /* TimeUtility.cpp */; };
		648AF7AC27CFF2CD009327DE /* townregion.cpp in Sources */ = {isa = PBXBuildFile; fileRef = 648AF72627CFF2CC009327DE /* townregion.cpp */; };
		648AF7AD27CFF2CD009327DE /* house.cpp in Sources */ = {isa = PBXBuildFile; fileRef = 648AF72B27CFF2CC009327DE /* house.cpp */; };
		648AF7AE27CFF2CD009327DE /* CResponse.cpp in Sources */ = {isa = PBXBuildFile; fileRef = 648AF72D27CFF2CC009327DE /* CResponse.cpp */; };
		648AF7AF27CFF2CD009327DE /* UOXJSPropertyFuncs.cpp in Sources */ = {isa = PBXBuildFile; fileRef = 648AF72F27CFF2CC009327DE /* UOXJSPropertyFuncs.cpp */; };
		648AF7B027CFF2CD009327DE /* UOPData.cpp in Sources */ = {isa = PBXBuildFile; fileRef = 648AF73227CFF2CC009327DE /* UOPData.cpp */; };
		648AF7B127CFF2CD009327DE /* UOXJSMethods.cpp in Sources */ = {isa = PBXBuildFile; fileRef = 648AF73327CFF2CC009327DE /* UOXJSMethods.cpp */; };
		648AF7B227CFF2CD009327DE /* cRaces.cpp in Sources */ = {isa = PBXBuildFile; fileRef = 648AF73427CFF2CC009327DE /* cRaces.cpp */; };
		648AF7B327CFF2CD009327DE /* MultiMul.cpp in Sources */ = {isa = PBXBuildFile; fileRef = 648AF73627CFF2CD009327DE /* MultiMul.cpp */; };
		648AF7B427CFF2CD009327DE /* targeting.cpp in Sources */ = {isa = PBXBuildFile; fileRef = 648AF73727CFF2CD009327DE /* targeting.cpp */; };
		648AF7B527CFF2CD009327DE /* skills.cpp in Sources */ = {isa = PBXBuildFile; fileRef = 648AF73827CFF2CD009327DE /* skills.cpp */; };
		648AF7B627CFF2CD009327DE /* findfuncs.cpp in Sources */ = {isa = PBXBuildFile; fileRef = 648AF73A27CFF2CD009327DE /* findfuncs.cpp */; };
		648AF7B727CFF2CD009327DE /* Dictionary.cpp in Sources */ = {isa = PBXBuildFile; fileRef = 648AF73B27CFF2CD009327DE /* Dictionary.cpp */; };
		648AF7B827CFF2CD009327DE /* CJSEngine.cpp in Sources */ = {isa = PBXBuildFile; fileRef = 648AF73D27CFF2CD009327DE /* CJSEngine.cpp */; };
		648AF7B927CFF2CD009327DE /* magic.cpp in Sources */ = {isa = PBXBuildFile; fileRef = 648AF73F27CFF2CD009327DE /* magic.cpp */; };
		648AF7BA27CFF2CD009327DE /* cGuild.cpp in Sources */ = {isa = PBXBuildFile; fileRef = 648AF74227CFF2CD009327DE /* cGuild.cpp */; };
		648AF7BB27CFF2CD009327DE /* EventTimer.cpp in Sources */ = {isa = PBXBuildFile; fileRef = 648AF74327CFF2CD009327DE /* EventTimer.cpp */; };
		648AF7BC27CFF2CD009327DE /* cChar.cpp in Sources */ = {isa = PBXBuildFile; fileRef = 648AF74427CFF2CD009327DE /* cChar.cpp */; };
		648AF7BD27CFF2CD009327DE /* commands.cpp in Sources */ = {isa = PBXBuildFile; fileRef = 648AF74527CFF2CD009327DE /* commands.cpp */; };
		648AF7BE27CFF2CD009327DE /* cThreadQueue.cpp in Sources */ = {isa = PBXBuildFile; fileRef = 648AF74727CFF2CD009327DE /* cThreadQueue.cpp */; };
		648AF7BF27CFF2CD009327DE /* cHTMLSystem.cpp in Sources */ = {isa = PBXBuildFile; fileRef = 648AF74827CFF2CD009327DE /* cHTMLSystem.cpp */; };
		648AF7C027CFF2CD009327DE /* network.cpp in Sources */ = {isa = PBXBuildFile; fileRef = 648AF74A27CFF2CD009327DE /* network.cpp */; };
		648AF7C127CFF2CD009327DE /* gumps.cpp in Sources */ = {isa = PBXBuildFile; fileRef = 648AF74C27CFF2CD009327DE /* gumps.cpp */; };
		648AF7C227CFF2CD009327DE /* sound.cpp in Sources */ = {isa = PBXBuildFile; fileRef = 648AF74D27CFF2CD009327DE /* sound.cpp */; };
		648AF7C327CFF2CD009327DE /* cmdtable.cpp in Sources */ = {isa = PBXBuildFile; fileRef = 648AF75127CFF2CD009327DE /* cmdtable.cpp */; };
		648AF7C427CFF2CD009327DE /* cDice.cpp in Sources */ = {isa = PBXBuildFile; fileRef = 648AF75227CFF2CD009327DE /* cDice.cpp */; };
		648AF7C527CFF2CD009327DE /* items.cpp in Sources */ = {isa = PBXBuildFile; fileRef = 648AF75327CFF2CD009327DE /* items.cpp */; };
		648AF7C627CFF2CD009327DE /* cVersionClass.cpp in Sources */ = {isa = PBXBuildFile; fileRef = 648AF75427CFF2CD009327DE /* cVersionClass.cpp */; };
		648AF7C727CFF2CD009327DE /* regions.cpp in Sources */ = {isa = PBXBuildFile; fileRef = 648AF75627CFF2CD009327DE /* regions.cpp */; };
		648AF7C827CFF2CD009327DE /* cServerDefinitions.cpp in Sources */ = {isa = PBXBuildFile; fileRef = 648AF75827CFF2CD009327DE /* cServerDefinitions.cpp */; };
		648AF7C927CFF2CD009327DE /* ssection.cpp in Sources */ = {isa = PBXBuildFile; fileRef = 648AF75927CFF2CD009327DE /* ssection.cpp */; };
		648AF7CA27CFF2CD009327DE /* scriptc.cpp in Sources */ = {isa = PBXBuildFile; fileRef = 648AF75E27CFF2CD009327DE /* scriptc.cpp */; };
		648AF7CB27CFF2CD009327DE /* mapstuff.cpp in Sources */ = {isa = PBXBuildFile; fileRef = 648AF76127CFF2CD009327DE /* mapstuff.cpp */; };
		648AF7CC27CFF2CD009327DE /* msgboard.cpp in Sources */ = {isa = PBXBuildFile; fileRef = 648AF76427CFF2CD009327DE /* msgboard.cpp */; };
		648AF7CD27CFF2CD009327DE /* cWeather.cpp in Sources */ = {isa = PBXBuildFile; fileRef = 648AF76527CFF2CD009327DE /* cWeather.cpp */; };
		648AF7CE27CFF2CD009327DE /* cPlayerAction.cpp in Sources */ = {isa = PBXBuildFile; fileRef = 648AF76627CFF2CD009327DE /* cPlayerAction.cpp */; };
		648AF7CF27CFF2CD009327DE /* movement.cpp in Sources */ = {isa = PBXBuildFile; fileRef = 648AF76827CFF2CD009327DE /* movement.cpp */; };
		648AF7D027CFF2CD009327DE /* cSpawnRegion.cpp in Sources */ = {isa = PBXBuildFile; fileRef = 648AF76927CFF2CD009327DE /* cSpawnRegion.cpp */; };
		648AF7D127CFF2CD009327DE /* PartySystem.cpp in Sources */ = {isa = PBXBuildFile; fileRef = 648AF76B27CFF2CD009327DE /* PartySystem.cpp */; };
		648AF7D227CFF2CD009327DE /* vendor.cpp in Sources */ = {isa = PBXBuildFile; fileRef = 648AF76E27CFF2CD009327DE /* vendor.cpp */; };
		648AF7D327CFF2CD009327DE /* fileio.cpp in Sources */ = {isa = PBXBuildFile; fileRef = 648AF77027CFF2CD009327DE /* fileio.cpp */; };
		648AF7D427CFF2CD009327DE /* CJSMapping.cpp in Sources */ = {isa = PBXBuildFile; fileRef = 648AF77227CFF2CD009327DE /* CJSMapping.cpp */; };
		648AF7D527CFF2CD009327DE /* books.cpp in Sources */ = {isa = PBXBuildFile; fileRef = 648AF77527CFF2CD009327DE /* books.cpp */; };
		648AF7D627CFF2CD009327DE /* CPacketSend.cpp in Sources */ = {isa = PBXBuildFile; fileRef = 648AF77627CFF2CD009327DE /* CPacketSend.cpp */; };
		648AF7D727CFF2CD009327DE /* StringUtility.cpp in Sources */ = {isa = PBXBuildFile; fileRef = 648AF77927CFF2CD009327DE /* StringUtility.cpp */; };
		648AF7D827CFF2CD009327DE /* quantityfuncs.cpp in Sources */ = {isa = PBXBuildFile; fileRef = 648AF77A27CFF2CD009327DE /* quantityfuncs.cpp */; };
		648AF7D927CFF2CD009327DE /* cAccountClass.cpp in Sources */ = {isa = PBXBuildFile; fileRef = 648AF77F27CFF2CD009327DE /* cAccountClass.cpp */; };
		648AF7DA27CFF2CD009327DE /* ObjectFactory.cpp in Sources */ = {isa = PBXBuildFile; fileRef = 648AF78027CFF2CD009327DE /* ObjectFactory.cpp */; };
		648AF7DB27CFF2CD009327DE /* npcs.cpp in Sources */ = {isa = PBXBuildFile; fileRef = 648AF78127CFF2CD009327DE /* npcs.cpp */; };
		648AF7DC27CFF2CD009327DE /* wholist.cpp in Sources */ = {isa = PBXBuildFile; fileRef = 648AF78427CFF2CD009327DE /* wholist.cpp */; };
		648AF7DD27CFF2CD009327DE /* combat.cpp in Sources */ = {isa = PBXBuildFile; fileRef = 648AF78527CFF2CD009327DE /* combat.cpp */; };
		648AF7DE27CFF2CD009327DE /* CGump.cpp in Sources */ = {isa = PBXBuildFile; fileRef = 648AF78727CFF2CD009327DE /* CGump.cpp */; };
		648AF7DF27CFF2CD009327DE /* JSEncapsulate.cpp in Sources */ = {isa = PBXBuildFile; fileRef = 648AF78927CFF2CD009327DE /* JSEncapsulate.cpp */; };
		648AF7E027CFF2CD009327DE /* ai.cpp in Sources */ = {isa = PBXBuildFile; fileRef = 648AF78A27CFF2CD009327DE /* ai.cpp */; };
		648AF7E127CFF2CD009327DE /* pcmanage.cpp in Sources */ = {isa = PBXBuildFile; fileRef = 648AF78B27CFF2CD009327DE /* pcmanage.cpp */; };
		648AF7E227CFF2CD009327DE /* trade.cpp in Sources */ = {isa = PBXBuildFile; fileRef = 648AF78E27CFF2CD009327DE /* trade.cpp */; };
		648AF7E327CFF2CD009327DE /* weight.cpp in Sources */ = {isa = PBXBuildFile; fileRef = 648AF79127CFF2CD009327DE /* weight.cpp */; };
		648AF7E427CFF2CD009327DE /* effect.cpp in Sources */ = {isa = PBXBuildFile; fileRef = 648AF79327CFF2CD009327DE /* effect.cpp */; };
		648AF7E527CFF2CD009327DE /* speech.cpp in Sources */ = {isa = PBXBuildFile; fileRef = 648AF79527CFF2CD009327DE /* speech.cpp */; };
		64EAC33128484667004BF08B /* libjs32.a in Frameworks */ = {isa = PBXBuildFile; fileRef = 64EAC33028484655004BF08B /* libjs32.a */; };
/* End PBXBuildFile section */

/* Begin PBXCopyFilesBuildPhase section */
		648AF6E227CFEF79009327DE /* CopyFiles */ = {
			isa = PBXCopyFilesBuildPhase;
			buildActionMask = 2147483647;
			dstPath = /usr/share/man/man1/;
			dstSubfolderSpec = 0;
			files = (
			);
			runOnlyForDeploymentPostprocessing = 1;
		};
/* End PBXCopyFilesBuildPhase section */

/* Begin PBXFileReference section */
		6452D32027D2E13B00E5AFB4 /* osunique.hpp */ = {isa = PBXFileReference; fileEncoding = 4; lastKnownFileType = sourcecode.cpp.h; path = osunique.hpp; sourceTree = "<group>"; };
		6452D32127D3A7CB00E5AFB4 /* osunique.cpp */ = {isa = PBXFileReference; fileEncoding = 4; lastKnownFileType = sourcecode.cpp.cpp; path = osunique.cpp; sourceTree = "<group>"; };
		6453667D2859FB340064E649 /* Changelog.txt */ = {isa = PBXFileReference; lastKnownFileType = text; path = Changelog.txt; sourceTree = "<group>"; };
		6453667E285A04130064E649 /* CMakeLists.txt */ = {isa = PBXFileReference; lastKnownFileType = text; path = CMakeLists.txt; sourceTree = "<group>"; };
		648AF6E427CFEF79009327DE /* uox3 */ = {isa = PBXFileReference; explicitFileType = "compiled.mach-o.executable"; includeInIndex = 0; path = uox3; sourceTree = BUILT_PRODUCTS_DIR; };
		648AF6ED27CFEF94009327DE /* libz.tbd */ = {isa = PBXFileReference; lastKnownFileType = "sourcecode.text-based-dylib-definition"; name = libz.tbd; path = usr/lib/libz.tbd; sourceTree = SDKROOT; };
		648AF6EF27CFF0F5009327DE /* libjs.a */ = {isa = PBXFileReference; lastKnownFileType = archive.ar; name = libjs.a; path = ../spidermonkey/libjs.a; sourceTree = "<group>"; };
		648AF6F627CFF2CC009327DE /* cConsole.cpp */ = {isa = PBXFileReference; fileEncoding = 4; lastKnownFileType = sourcecode.cpp.cpp; path = cConsole.cpp; sourceTree = "<group>"; };
		648AF6F727CFF2CC009327DE /* dist.cpp */ = {isa = PBXFileReference; fileEncoding = 4; lastKnownFileType = sourcecode.cpp.cpp; path = dist.cpp; sourceTree = "<group>"; };
		648AF6F827CFF2CC009327DE /* cSpawnRegion.h */ = {isa = PBXFileReference; fileEncoding = 4; lastKnownFileType = sourcecode.c.h; path = cSpawnRegion.h; sourceTree = "<group>"; };
		648AF6F927CFF2CC009327DE /* skills.h */ = {isa = PBXFileReference; fileEncoding = 4; lastKnownFileType = sourcecode.c.h; path = skills.h; sourceTree = "<group>"; };
		648AF6FA27CFF2CC009327DE /* calcfuncs.cpp */ = {isa = PBXFileReference; fileEncoding = 4; lastKnownFileType = sourcecode.cpp.cpp; path = calcfuncs.cpp; sourceTree = "<group>"; };
		648AF6FB27CFF2CC009327DE /* books.h */ = {isa = PBXFileReference; fileEncoding = 4; lastKnownFileType = sourcecode.c.h; path = books.h; sourceTree = "<group>"; };
		648AF6FC27CFF2CC009327DE /* CPacketReceive.cpp */ = {isa = PBXFileReference; fileEncoding = 4; lastKnownFileType = sourcecode.cpp.cpp; path = CPacketReceive.cpp; sourceTree = "<group>"; };
		648AF6FD27CFF2CC009327DE /* cScript.cpp */ = {isa = PBXFileReference; fileEncoding = 4; lastKnownFileType = sourcecode.cpp.cpp; path = cScript.cpp; sourceTree = "<group>"; };
		648AF6FE27CFF2CC009327DE /* ConfigOS.h */ = {isa = PBXFileReference; fileEncoding = 4; lastKnownFileType = sourcecode.c.h; path = ConfigOS.h; sourceTree = "<group>"; };
		648AF6FF27CFF2CC009327DE /* msgboard.h */ = {isa = PBXFileReference; fileEncoding = 4; lastKnownFileType = sourcecode.c.h; path = msgboard.h; sourceTree = "<group>"; };
		648AF70027CFF2CC009327DE /* uox3.cpp */ = {isa = PBXFileReference; fileEncoding = 4; lastKnownFileType = sourcecode.cpp.cpp; path = uox3.cpp; sourceTree = "<group>"; };
		648AF70127CFF2CC009327DE /* boats.cpp */ = {isa = PBXFileReference; fileEncoding = 4; lastKnownFileType = sourcecode.cpp.cpp; path = boats.cpp; sourceTree = "<group>"; };
		648AF70227CFF2CC009327DE /* IP4Address.cpp */ = {isa = PBXFileReference; fileEncoding = 4; lastKnownFileType = sourcecode.cpp.cpp; path = IP4Address.cpp; sourceTree = "<group>"; };
		648AF70327CFF2CC009327DE /* cGuild.h */ = {isa = PBXFileReference; fileEncoding = 4; lastKnownFileType = sourcecode.c.h; path = cGuild.h; sourceTree = "<group>"; };
		648AF70427CFF2CC009327DE /* UOXJSMethods.h */ = {isa = PBXFileReference; fileEncoding = 4; lastKnownFileType = sourcecode.c.h; path = UOXJSMethods.h; sourceTree = "<group>"; };
		648AF70527CFF2CC009327DE /* cItem.cpp */ = {isa = PBXFileReference; fileEncoding = 4; lastKnownFileType = sourcecode.cpp.cpp; path = cItem.cpp; sourceTree = "<group>"; };
		648AF70627CFF2CC009327DE /* worldmain.h */ = {isa = PBXFileReference; fileEncoding = 4; lastKnownFileType = sourcecode.c.h; path = worldmain.h; sourceTree = "<group>"; };
		648AF70727CFF2CC009327DE /* worldmain.cpp */ = {isa = PBXFileReference; fileEncoding = 4; lastKnownFileType = sourcecode.cpp.cpp; path = worldmain.cpp; sourceTree = "<group>"; };
		648AF70827CFF2CC009327DE /* cBaseobject.cpp */ = {isa = PBXFileReference; fileEncoding = 4; lastKnownFileType = sourcecode.cpp.cpp; path = cBaseobject.cpp; sourceTree = "<group>"; };
		648AF70A27CFF2CC009327DE /* cServerData.cpp */ = {isa = PBXFileReference; fileEncoding = 4; lastKnownFileType = sourcecode.cpp.cpp; path = cServerData.cpp; sourceTree = "<group>"; };
		648AF70B27CFF2CC009327DE /* TimeUtility.hpp */ = {isa = PBXFileReference; fileEncoding = 4; lastKnownFileType = sourcecode.cpp.h; path = TimeUtility.hpp; sourceTree = "<group>"; };
		648AF70C27CFF2CC009327DE /* townregion.h */ = {isa = PBXFileReference; fileEncoding = 4; lastKnownFileType = sourcecode.c.h; path = townregion.h; sourceTree = "<group>"; };
		648AF70D27CFF2CC009327DE /* magic.h */ = {isa = PBXFileReference; fileEncoding = 4; lastKnownFileType = sourcecode.c.h; path = magic.h; sourceTree = "<group>"; };
		648AF70E27CFF2CC009327DE /* cMultiObj.cpp */ = {isa = PBXFileReference; fileEncoding = 4; lastKnownFileType = sourcecode.cpp.cpp; path = cMultiObj.cpp; sourceTree = "<group>"; };
		648AF70F27CFF2CC009327DE /* cmdtable.h */ = {isa = PBXFileReference; fileEncoding = 4; lastKnownFileType = sourcecode.c.h; path = cmdtable.h; sourceTree = "<group>"; };
		648AF71027CFF2CC009327DE /* jail.h */ = {isa = PBXFileReference; fileEncoding = 4; lastKnownFileType = sourcecode.c.h; path = jail.h; sourceTree = "<group>"; };
		648AF71127CFF2CC009327DE /* cServerDefinitions.h */ = {isa = PBXFileReference; fileEncoding = 4; lastKnownFileType = sourcecode.c.h; path = cServerDefinitions.h; sourceTree = "<group>"; };
		648AF71227CFF2CC009327DE /* jail.cpp */ = {isa = PBXFileReference; fileEncoding = 4; lastKnownFileType = sourcecode.cpp.cpp; path = jail.cpp; sourceTree = "<group>"; };
		648AF71327CFF2CC009327DE /* movement.h */ = {isa = PBXFileReference; fileEncoding = 4; lastKnownFileType = sourcecode.c.h; path = movement.h; sourceTree = "<group>"; };
		648AF71427CFF2CC009327DE /* cSocket.cpp */ = {isa = PBXFileReference; fileEncoding = 4; lastKnownFileType = sourcecode.cpp.cpp; path = cSocket.cpp; sourceTree = "<group>"; };
		648AF71527CFF2CC009327DE /* mapstuff.h */ = {isa = PBXFileReference; fileEncoding = 4; lastKnownFileType = sourcecode.c.h; path = mapstuff.h; sourceTree = "<group>"; };
		648AF71727CFF2CC009327DE /* queue.cpp */ = {isa = PBXFileReference; fileEncoding = 4; lastKnownFileType = sourcecode.cpp.cpp; path = queue.cpp; sourceTree = "<group>"; };
		648AF71927CFF2CC009327DE /* CResponse.h */ = {isa = PBXFileReference; fileEncoding = 4; lastKnownFileType = sourcecode.c.h; path = CResponse.h; sourceTree = "<group>"; };
		648AF71A27CFF2CC009327DE /* UOXJSPropertySpecs.h */ = {isa = PBXFileReference; fileEncoding = 4; lastKnownFileType = sourcecode.c.h; path = UOXJSPropertySpecs.h; sourceTree = "<group>"; };
		648AF71B27CFF2CC009327DE /* SEFunctions.cpp */ = {isa = PBXFileReference; fileEncoding = 4; lastKnownFileType = sourcecode.cpp.cpp; path = SEFunctions.cpp; sourceTree = "<group>"; };
		648AF71C27CFF2CC009327DE /* cEffects.h */ = {isa = PBXFileReference; fileEncoding = 4; lastKnownFileType = sourcecode.c.h; path = cEffects.h; sourceTree = "<group>"; };
		648AF71D27CFF2CC009327DE /* archive.cpp */ = {isa = PBXFileReference; fileEncoding = 4; lastKnownFileType = sourcecode.cpp.cpp; path = archive.cpp; sourceTree = "<group>"; };
		648AF71E27CFF2CC009327DE /* Dictionary.h */ = {isa = PBXFileReference; fileEncoding = 4; lastKnownFileType = sourcecode.c.h; path = Dictionary.h; sourceTree = "<group>"; };
		648AF71F27CFF2CC009327DE /* mapclasses.h */ = {isa = PBXFileReference; fileEncoding = 4; lastKnownFileType = sourcecode.c.h; path = mapclasses.h; sourceTree = "<group>"; };
		648AF72027CFF2CC009327DE /* lineofsight.cpp */ = {isa = PBXFileReference; fileEncoding = 4; lastKnownFileType = sourcecode.cpp.cpp; path = lineofsight.cpp; sourceTree = "<group>"; };
		648AF72127CFF2CC009327DE /* uoxstruct.h */ = {isa = PBXFileReference; fileEncoding = 4; lastKnownFileType = sourcecode.c.h; path = uoxstruct.h; sourceTree = "<group>"; };
		648AF72227CFF2CC009327DE /* ObjectFactory.h */ = {isa = PBXFileReference; fileEncoding = 4; lastKnownFileType = sourcecode.c.h; path = ObjectFactory.h; sourceTree = "<group>"; };
		648AF72327CFF2CC009327DE /* uox3.h */ = {isa = PBXFileReference; fileEncoding = 4; lastKnownFileType = sourcecode.c.h; path = uox3.h; sourceTree = "<group>"; };
		648AF72427CFF2CC009327DE /* cAccountClass.h */ = {isa = PBXFileReference; fileEncoding = 4; lastKnownFileType = sourcecode.c.h; path = cAccountClass.h; sourceTree = "<group>"; };
		648AF72527CFF2CC009327DE /* TimeUtility.cpp */ = {isa = PBXFileReference; fileEncoding = 4; lastKnownFileType = sourcecode.cpp.cpp; path = TimeUtility.cpp; sourceTree = "<group>"; };
		648AF72627CFF2CC009327DE /* townregion.cpp */ = {isa = PBXFileReference; fileEncoding = 4; lastKnownFileType = sourcecode.cpp.cpp; path = townregion.cpp; sourceTree = "<group>"; };
		648AF72727CFF2CC009327DE /* StringUtility.hpp */ = {isa = PBXFileReference; fileEncoding = 4; lastKnownFileType = sourcecode.cpp.h; path = StringUtility.hpp; sourceTree = "<group>"; };
		648AF72827CFF2CC009327DE /* cScript.h */ = {isa = PBXFileReference; fileEncoding = 4; lastKnownFileType = sourcecode.c.h; path = cScript.h; sourceTree = "<group>"; };
		648AF72927CFF2CC009327DE /* SEFunctions.h */ = {isa = PBXFileReference; fileEncoding = 4; lastKnownFileType = sourcecode.c.h; path = SEFunctions.h; sourceTree = "<group>"; };
		648AF72A27CFF2CC009327DE /* UOXJSClasses.h */ = {isa = PBXFileReference; fileEncoding = 4; lastKnownFileType = sourcecode.c.h; path = UOXJSClasses.h; sourceTree = "<group>"; };
		648AF72B27CFF2CC009327DE /* house.cpp */ = {isa = PBXFileReference; fileEncoding = 4; lastKnownFileType = sourcecode.cpp.cpp; path = house.cpp; sourceTree = "<group>"; };
		648AF72C27CFF2CC009327DE /* cMagic.h */ = {isa = PBXFileReference; fileEncoding = 4; lastKnownFileType = sourcecode.c.h; path = cMagic.h; sourceTree = "<group>"; };
		648AF72D27CFF2CC009327DE /* CResponse.cpp */ = {isa = PBXFileReference; fileEncoding = 4; lastKnownFileType = sourcecode.cpp.cpp; path = CResponse.cpp; sourceTree = "<group>"; };
		648AF72E27CFF2CC009327DE /* cRaces.h */ = {isa = PBXFileReference; fileEncoding = 4; lastKnownFileType = sourcecode.c.h; path = cRaces.h; sourceTree = "<group>"; };
		648AF72F27CFF2CC009327DE /* UOXJSPropertyFuncs.cpp */ = {isa = PBXFileReference; fileEncoding = 4; lastKnownFileType = sourcecode.cpp.cpp; path = UOXJSPropertyFuncs.cpp; sourceTree = "<group>"; };
		648AF73027CFF2CC009327DE /* cChar.h */ = {isa = PBXFileReference; fileEncoding = 4; lastKnownFileType = sourcecode.c.h; path = cChar.h; sourceTree = "<group>"; };
		648AF73127CFF2CC009327DE /* GenericList.h */ = {isa = PBXFileReference; fileEncoding = 4; lastKnownFileType = sourcecode.c.h; path = GenericList.h; sourceTree = "<group>"; };
		648AF73227CFF2CC009327DE /* UOPData.cpp */ = {isa = PBXFileReference; fileEncoding = 4; lastKnownFileType = sourcecode.cpp.cpp; path = UOPData.cpp; sourceTree = "<group>"; };
		648AF73327CFF2CC009327DE /* UOXJSMethods.cpp */ = {isa = PBXFileReference; fileEncoding = 4; lastKnownFileType = sourcecode.cpp.cpp; path = UOXJSMethods.cpp; sourceTree = "<group>"; };
		648AF73427CFF2CC009327DE /* cRaces.cpp */ = {isa = PBXFileReference; fileEncoding = 4; lastKnownFileType = sourcecode.cpp.cpp; path = cRaces.cpp; sourceTree = "<group>"; };
		648AF73527CFF2CC009327DE /* cItem.h */ = {isa = PBXFileReference; fileEncoding = 4; lastKnownFileType = sourcecode.c.h; path = cItem.h; sourceTree = "<group>"; };
		648AF73627CFF2CD009327DE /* MultiMul.cpp */ = {isa = PBXFileReference; fileEncoding = 4; lastKnownFileType = sourcecode.cpp.cpp; path = MultiMul.cpp; sourceTree = "<group>"; };
		648AF73727CFF2CD009327DE /* targeting.cpp */ = {isa = PBXFileReference; fileEncoding = 4; lastKnownFileType = sourcecode.cpp.cpp; path = targeting.cpp; sourceTree = "<group>"; };
		648AF73827CFF2CD009327DE /* skills.cpp */ = {isa = PBXFileReference; fileEncoding = 4; lastKnownFileType = sourcecode.cpp.cpp; path = skills.cpp; sourceTree = "<group>"; };
		648AF73927CFF2CD009327DE /* power.h */ = {isa = PBXFileReference; fileEncoding = 4; lastKnownFileType = sourcecode.c.h; path = power.h; sourceTree = "<group>"; };
		648AF73A27CFF2CD009327DE /* findfuncs.cpp */ = {isa = PBXFileReference; fileEncoding = 4; lastKnownFileType = sourcecode.cpp.cpp; path = findfuncs.cpp; sourceTree = "<group>"; };
		648AF73B27CFF2CD009327DE /* Dictionary.cpp */ = {isa = PBXFileReference; fileEncoding = 4; lastKnownFileType = sourcecode.cpp.cpp; path = Dictionary.cpp; sourceTree = "<group>"; };
		648AF73C27CFF2CD009327DE /* CJSEngine.h */ = {isa = PBXFileReference; fileEncoding = 4; lastKnownFileType = sourcecode.c.h; path = CJSEngine.h; sourceTree = "<group>"; };
		648AF73D27CFF2CD009327DE /* CJSEngine.cpp */ = {isa = PBXFileReference; fileEncoding = 4; lastKnownFileType = sourcecode.cpp.cpp; path = CJSEngine.cpp; sourceTree = "<group>"; };
		648AF73E27CFF2CD009327DE /* UOXJSPropertyFuncs.h */ = {isa = PBXFileReference; fileEncoding = 4; lastKnownFileType = sourcecode.c.h; path = UOXJSPropertyFuncs.h; sourceTree = "<group>"; };
		648AF73F27CFF2CD009327DE /* magic.cpp */ = {isa = PBXFileReference; fileEncoding = 4; lastKnownFileType = sourcecode.cpp.cpp; path = magic.cpp; sourceTree = "<group>"; };
		648AF74027CFF2CD009327DE /* commands.h */ = {isa = PBXFileReference; fileEncoding = 4; lastKnownFileType = sourcecode.c.h; path = commands.h; sourceTree = "<group>"; };
		648AF74127CFF2CD009327DE /* funcdecl.h */ = {isa = PBXFileReference; fileEncoding = 4; lastKnownFileType = sourcecode.c.h; path = funcdecl.h; sourceTree = "<group>"; };
		648AF74227CFF2CD009327DE /* cGuild.cpp */ = {isa = PBXFileReference; fileEncoding = 4; lastKnownFileType = sourcecode.cpp.cpp; path = cGuild.cpp; sourceTree = "<group>"; };
		648AF74327CFF2CD009327DE /* EventTimer.cpp */ = {isa = PBXFileReference; fileEncoding = 4; lastKnownFileType = sourcecode.cpp.cpp; path = EventTimer.cpp; sourceTree = "<group>"; };
		648AF74427CFF2CD009327DE /* cChar.cpp */ = {isa = PBXFileReference; fileEncoding = 4; lastKnownFileType = sourcecode.cpp.cpp; path = cChar.cpp; sourceTree = "<group>"; };
		648AF74527CFF2CD009327DE /* commands.cpp */ = {isa = PBXFileReference; fileEncoding = 4; lastKnownFileType = sourcecode.cpp.cpp; path = commands.cpp; sourceTree = "<group>"; };
		648AF74627CFF2CD009327DE /* cServerData.h */ = {isa = PBXFileReference; fileEncoding = 4; lastKnownFileType = sourcecode.c.h; path = cServerData.h; sourceTree = "<group>"; };
		648AF74727CFF2CD009327DE /* cThreadQueue.cpp */ = {isa = PBXFileReference; fileEncoding = 4; lastKnownFileType = sourcecode.cpp.cpp; path = cThreadQueue.cpp; sourceTree = "<group>"; };
		648AF74827CFF2CD009327DE /* cHTMLSystem.cpp */ = {isa = PBXFileReference; fileEncoding = 4; lastKnownFileType = sourcecode.cpp.cpp; path = cHTMLSystem.cpp; sourceTree = "<group>"; };
		648AF74927CFF2CD009327DE /* combat.h */ = {isa = PBXFileReference; fileEncoding = 4; lastKnownFileType = sourcecode.c.h; path = combat.h; sourceTree = "<group>"; };
		648AF74A27CFF2CD009327DE /* network.cpp */ = {isa = PBXFileReference; fileEncoding = 4; lastKnownFileType = sourcecode.cpp.cpp; path = network.cpp; sourceTree = "<group>"; };
		648AF74B27CFF2CD009327DE /* scriptc.h */ = {isa = PBXFileReference; fileEncoding = 4; lastKnownFileType = sourcecode.c.h; path = scriptc.h; sourceTree = "<group>"; };
		648AF74C27CFF2CD009327DE /* gumps.cpp */ = {isa = PBXFileReference; fileEncoding = 4; lastKnownFileType = sourcecode.cpp.cpp; path = gumps.cpp; sourceTree = "<group>"; };
		648AF74D27CFF2CD009327DE /* sound.cpp */ = {isa = PBXFileReference; fileEncoding = 4; lastKnownFileType = sourcecode.cpp.cpp; path = sound.cpp; sourceTree = "<group>"; };
		648AF74E27CFF2CD009327DE /* teffect.h */ = {isa = PBXFileReference; fileEncoding = 4; lastKnownFileType = sourcecode.c.h; path = teffect.h; sourceTree = "<group>"; };
		648AF74F27CFF2CD009327DE /* cHTMLSystem.h */ = {isa = PBXFileReference; fileEncoding = 4; lastKnownFileType = sourcecode.c.h; path = cHTMLSystem.h; sourceTree = "<group>"; };
		648AF75027CFF2CD009327DE /* cConsole.h */ = {isa = PBXFileReference; fileEncoding = 4; lastKnownFileType = sourcecode.c.h; path = cConsole.h; sourceTree = "<group>"; };
		648AF75127CFF2CD009327DE /* cmdtable.cpp */ = {isa = PBXFileReference; fileEncoding = 4; lastKnownFileType = sourcecode.cpp.cpp; path = cmdtable.cpp; sourceTree = "<group>"; };
		648AF75227CFF2CD009327DE /* cDice.cpp */ = {isa = PBXFileReference; fileEncoding = 4; lastKnownFileType = sourcecode.cpp.cpp; path = cDice.cpp; sourceTree = "<group>"; };
		648AF75327CFF2CD009327DE /* items.cpp */ = {isa = PBXFileReference; fileEncoding = 4; lastKnownFileType = sourcecode.cpp.cpp; path = items.cpp; sourceTree = "<group>"; };
		648AF75427CFF2CD009327DE /* cVersionClass.cpp */ = {isa = PBXFileReference; fileEncoding = 4; lastKnownFileType = sourcecode.cpp.cpp; path = cVersionClass.cpp; sourceTree = "<group>"; };
		648AF75527CFF2CD009327DE /* cdice.h */ = {isa = PBXFileReference; fileEncoding = 4; lastKnownFileType = sourcecode.c.h; path = cdice.h; sourceTree = "<group>"; };
		648AF75627CFF2CD009327DE /* regions.cpp */ = {isa = PBXFileReference; fileEncoding = 4; lastKnownFileType = sourcecode.cpp.cpp; path = regions.cpp; sourceTree = "<group>"; };
		648AF75727CFF2CD009327DE /* Prerequisites.h */ = {isa = PBXFileReference; fileEncoding = 4; lastKnownFileType = sourcecode.c.h; path = Prerequisites.h; sourceTree = "<group>"; };
		648AF75827CFF2CD009327DE /* cServerDefinitions.cpp */ = {isa = PBXFileReference; fileEncoding = 4; lastKnownFileType = sourcecode.cpp.cpp; path = cServerDefinitions.cpp; sourceTree = "<group>"; };
		648AF75927CFF2CD009327DE /* ssection.cpp */ = {isa = PBXFileReference; fileEncoding = 4; lastKnownFileType = sourcecode.cpp.cpp; path = ssection.cpp; sourceTree = "<group>"; };
		648AF75A27CFF2CD009327DE /* UOXJSPropertyEnums.h */ = {isa = PBXFileReference; fileEncoding = 4; lastKnownFileType = sourcecode.c.h; path = UOXJSPropertyEnums.h; sourceTree = "<group>"; };
		648AF75B27CFF2CD009327DE /* UOXStdHeaders.h */ = {isa = PBXFileReference; fileEncoding = 4; lastKnownFileType = sourcecode.c.h; path = UOXStdHeaders.h; sourceTree = "<group>"; };
		648AF75C27CFF2CD009327DE /* CPacketReceive.h */ = {isa = PBXFileReference; fileEncoding = 4; lastKnownFileType = sourcecode.c.h; path = CPacketReceive.h; sourceTree = "<group>"; };
		648AF75D27CFF2CD009327DE /* weight.h */ = {isa = PBXFileReference; fileEncoding = 4; lastKnownFileType = sourcecode.c.h; path = weight.h; sourceTree = "<group>"; };
		648AF75E27CFF2CD009327DE /* scriptc.cpp */ = {isa = PBXFileReference; fileEncoding = 4; lastKnownFileType = sourcecode.cpp.cpp; path = scriptc.cpp; sourceTree = "<group>"; };
		648AF75F27CFF2CD009327DE /* EventTimer.hpp */ = {isa = PBXFileReference; fileEncoding = 4; lastKnownFileType = sourcecode.cpp.h; path = EventTimer.hpp; sourceTree = "<group>"; };
		648AF76027CFF2CD009327DE /* JSEncapsulate.h */ = {isa = PBXFileReference; fileEncoding = 4; lastKnownFileType = sourcecode.c.h; path = JSEncapsulate.h; sourceTree = "<group>"; };
		648AF76127CFF2CD009327DE /* mapstuff.cpp */ = {isa = PBXFileReference; fileEncoding = 4; lastKnownFileType = sourcecode.cpp.cpp; path = mapstuff.cpp; sourceTree = "<group>"; };
		648AF76227CFF2CD009327DE /* cMultiObj.h */ = {isa = PBXFileReference; fileEncoding = 4; lastKnownFileType = sourcecode.c.h; path = cMultiObj.h; sourceTree = "<group>"; };
		648AF76327CFF2CD009327DE /* cBaseObject.h */ = {isa = PBXFileReference; fileEncoding = 4; lastKnownFileType = sourcecode.c.h; path = cBaseObject.h; sourceTree = "<group>"; };
		648AF76427CFF2CD009327DE /* msgboard.cpp */ = {isa = PBXFileReference; fileEncoding = 4; lastKnownFileType = sourcecode.cpp.cpp; path = msgboard.cpp; sourceTree = "<group>"; };
		648AF76527CFF2CD009327DE /* cWeather.cpp */ = {isa = PBXFileReference; fileEncoding = 4; lastKnownFileType = sourcecode.cpp.cpp; path = cWeather.cpp; sourceTree = "<group>"; };
		648AF76627CFF2CD009327DE /* cPlayerAction.cpp */ = {isa = PBXFileReference; fileEncoding = 4; lastKnownFileType = sourcecode.cpp.cpp; path = cPlayerAction.cpp; sourceTree = "<group>"; };
		648AF76727CFF2CD009327DE /* gump.h */ = {isa = PBXFileReference; fileEncoding = 4; lastKnownFileType = sourcecode.c.h; path = gump.h; sourceTree = "<group>"; };
		648AF76827CFF2CD009327DE /* movement.cpp */ = {isa = PBXFileReference; fileEncoding = 4; lastKnownFileType = sourcecode.cpp.cpp; path = movement.cpp; sourceTree = "<group>"; };
		648AF76927CFF2CD009327DE /* cSpawnRegion.cpp */ = {isa = PBXFileReference; fileEncoding = 4; lastKnownFileType = sourcecode.cpp.cpp; path = cSpawnRegion.cpp; sourceTree = "<group>"; };
		648AF76A27CFF2CD009327DE /* cWeather.hpp */ = {isa = PBXFileReference; fileEncoding = 4; lastKnownFileType = sourcecode.cpp.h; path = cWeather.hpp; sourceTree = "<group>"; };
		648AF76B27CFF2CD009327DE /* PartySystem.cpp */ = {isa = PBXFileReference; fileEncoding = 4; lastKnownFileType = sourcecode.cpp.cpp; path = PartySystem.cpp; sourceTree = "<group>"; };
		648AF76C27CFF2CD009327DE /* regions.h */ = {isa = PBXFileReference; fileEncoding = 4; lastKnownFileType = sourcecode.c.h; path = regions.h; sourceTree = "<group>"; };
		648AF76D27CFF2CD009327DE /* MultiMul.hpp */ = {isa = PBXFileReference; fileEncoding = 4; lastKnownFileType = sourcecode.cpp.h; path = MultiMul.hpp; sourceTree = "<group>"; };
		648AF76E27CFF2CD009327DE /* vendor.cpp */ = {isa = PBXFileReference; fileEncoding = 4; lastKnownFileType = sourcecode.cpp.cpp; path = vendor.cpp; sourceTree = "<group>"; };
		648AF76F27CFF2CD009327DE /* cThreadQueue.h */ = {isa = PBXFileReference; fileEncoding = 4; lastKnownFileType = sourcecode.c.h; path = cThreadQueue.h; sourceTree = "<group>"; };
		648AF77027CFF2CD009327DE /* fileio.cpp */ = {isa = PBXFileReference; fileEncoding = 4; lastKnownFileType = sourcecode.cpp.cpp; path = fileio.cpp; sourceTree = "<group>"; };
		648AF77127CFF2CD009327DE /* CPacketSend.h */ = {isa = PBXFileReference; fileEncoding = 4; lastKnownFileType = sourcecode.c.h; path = CPacketSend.h; sourceTree = "<group>"; };
		648AF77227CFF2CD009327DE /* CJSMapping.cpp */ = {isa = PBXFileReference; fileEncoding = 4; lastKnownFileType = sourcecode.cpp.cpp; path = CJSMapping.cpp; sourceTree = "<group>"; };
		648AF77327CFF2CD009327DE /* ssection.h */ = {isa = PBXFileReference; fileEncoding = 4; lastKnownFileType = sourcecode.c.h; path = ssection.h; sourceTree = "<group>"; };
		648AF77427CFF2CD009327DE /* IP4Address.hpp */ = {isa = PBXFileReference; fileEncoding = 4; lastKnownFileType = sourcecode.cpp.h; path = IP4Address.hpp; sourceTree = "<group>"; };
		648AF77527CFF2CD009327DE /* books.cpp */ = {isa = PBXFileReference; fileEncoding = 4; lastKnownFileType = sourcecode.cpp.cpp; path = books.cpp; sourceTree = "<group>"; };
		648AF77627CFF2CD009327DE /* CPacketSend.cpp */ = {isa = PBXFileReference; fileEncoding = 4; lastKnownFileType = sourcecode.cpp.cpp; path = CPacketSend.cpp; sourceTree = "<group>"; };
		648AF77727CFF2CD009327DE /* network.h */ = {isa = PBXFileReference; fileEncoding = 4; lastKnownFileType = sourcecode.c.h; path = network.h; sourceTree = "<group>"; };
		648AF77827CFF2CD009327DE /* PageVector.h */ = {isa = PBXFileReference; fileEncoding = 4; lastKnownFileType = sourcecode.c.h; path = PageVector.h; sourceTree = "<group>"; };
		648AF77927CFF2CD009327DE /* StringUtility.cpp */ = {isa = PBXFileReference; fileEncoding = 4; lastKnownFileType = sourcecode.cpp.cpp; path = StringUtility.cpp; sourceTree = "<group>"; };
		648AF77A27CFF2CD009327DE /* quantityfuncs.cpp */ = {isa = PBXFileReference; fileEncoding = 4; lastKnownFileType = sourcecode.cpp.cpp; path = quantityfuncs.cpp; sourceTree = "<group>"; };
		648AF77C27CFF2CD009327DE /* typedefs.h */ = {isa = PBXFileReference; fileEncoding = 4; lastKnownFileType = sourcecode.c.h; path = typedefs.h; sourceTree = "<group>"; };
		648AF77E27CFF2CD009327DE /* wholist.h */ = {isa = PBXFileReference; fileEncoding = 4; lastKnownFileType = sourcecode.c.h; path = wholist.h; sourceTree = "<group>"; };
		648AF77F27CFF2CD009327DE /* cAccountClass.cpp */ = {isa = PBXFileReference; fileEncoding = 4; lastKnownFileType = sourcecode.cpp.cpp; path = cAccountClass.cpp; sourceTree = "<group>"; };
		648AF78027CFF2CD009327DE /* ObjectFactory.cpp */ = {isa = PBXFileReference; fileEncoding = 4; lastKnownFileType = sourcecode.cpp.cpp; path = ObjectFactory.cpp; sourceTree = "<group>"; };
		648AF78127CFF2CD009327DE /* npcs.cpp */ = {isa = PBXFileReference; fileEncoding = 4; lastKnownFileType = sourcecode.cpp.cpp; path = npcs.cpp; sourceTree = "<group>"; };
		648AF78227CFF2CD009327DE /* PartySystem.h */ = {isa = PBXFileReference; fileEncoding = 4; lastKnownFileType = sourcecode.c.h; path = PartySystem.h; sourceTree = "<group>"; };
		648AF78327CFF2CD009327DE /* resource.h */ = {isa = PBXFileReference; fileEncoding = 4; lastKnownFileType = sourcecode.c.h; path = resource.h; sourceTree = "<group>"; };
		648AF78427CFF2CD009327DE /* wholist.cpp */ = {isa = PBXFileReference; fileEncoding = 4; lastKnownFileType = sourcecode.cpp.cpp; path = wholist.cpp; sourceTree = "<group>"; };
		648AF78527CFF2CD009327DE /* combat.cpp */ = {isa = PBXFileReference; fileEncoding = 4; lastKnownFileType = sourcecode.cpp.cpp; path = combat.cpp; sourceTree = "<group>"; };
		648AF78627CFF2CD009327DE /* classes.h */ = {isa = PBXFileReference; fileEncoding = 4; lastKnownFileType = sourcecode.c.h; path = classes.h; sourceTree = "<group>"; };
		648AF78727CFF2CD009327DE /* CGump.cpp */ = {isa = PBXFileReference; fileEncoding = 4; lastKnownFileType = sourcecode.cpp.cpp; path = CGump.cpp; sourceTree = "<group>"; };
		648AF78827CFF2CD009327DE /* UOPData.hpp */ = {isa = PBXFileReference; fileEncoding = 4; lastKnownFileType = sourcecode.cpp.h; path = UOPData.hpp; sourceTree = "<group>"; };
		648AF78927CFF2CD009327DE /* JSEncapsulate.cpp */ = {isa = PBXFileReference; fileEncoding = 4; lastKnownFileType = sourcecode.cpp.cpp; path = JSEncapsulate.cpp; sourceTree = "<group>"; };
		648AF78A27CFF2CD009327DE /* ai.cpp */ = {isa = PBXFileReference; fileEncoding = 4; lastKnownFileType = sourcecode.cpp.cpp; path = ai.cpp; sourceTree = "<group>"; };
		648AF78B27CFF2CD009327DE /* pcmanage.cpp */ = {isa = PBXFileReference; fileEncoding = 4; lastKnownFileType = sourcecode.cpp.cpp; path = pcmanage.cpp; sourceTree = "<group>"; };
		648AF78C27CFF2CD009327DE /* CJSMapping.h */ = {isa = PBXFileReference; fileEncoding = 4; lastKnownFileType = sourcecode.c.h; path = CJSMapping.h; sourceTree = "<group>"; };
		648AF78D27CFF2CD009327DE /* cVersionClass.h */ = {isa = PBXFileReference; fileEncoding = 4; lastKnownFileType = sourcecode.c.h; path = cVersionClass.h; sourceTree = "<group>"; };
		648AF78E27CFF2CD009327DE /* trade.cpp */ = {isa = PBXFileReference; fileEncoding = 4; lastKnownFileType = sourcecode.cpp.cpp; path = trade.cpp; sourceTree = "<group>"; };
		648AF78F27CFF2CD009327DE /* enums.h */ = {isa = PBXFileReference; fileEncoding = 4; lastKnownFileType = sourcecode.c.h; path = enums.h; sourceTree = "<group>"; };
		648AF79027CFF2CD009327DE /* speech.h */ = {isa = PBXFileReference; fileEncoding = 4; lastKnownFileType = sourcecode.c.h; path = speech.h; sourceTree = "<group>"; };
		648AF79127CFF2CD009327DE /* weight.cpp */ = {isa = PBXFileReference; fileEncoding = 4; lastKnownFileType = sourcecode.cpp.cpp; path = weight.cpp; sourceTree = "<group>"; };
		648AF79227CFF2CD009327DE /* cSkillClass.h */ = {isa = PBXFileReference; fileEncoding = 4; lastKnownFileType = sourcecode.c.h; path = cSkillClass.h; sourceTree = "<group>"; };
		648AF79327CFF2CD009327DE /* effect.cpp */ = {isa = PBXFileReference; fileEncoding = 4; lastKnownFileType = sourcecode.cpp.cpp; path = effect.cpp; sourceTree = "<group>"; };
		648AF79427CFF2CD009327DE /* cSocket.h */ = {isa = PBXFileReference; fileEncoding = 4; lastKnownFileType = sourcecode.c.h; path = cSocket.h; sourceTree = "<group>"; };
		648AF79527CFF2CD009327DE /* speech.cpp */ = {isa = PBXFileReference; fileEncoding = 4; lastKnownFileType = sourcecode.cpp.cpp; path = speech.cpp; sourceTree = "<group>"; };
		64EAC33028484655004BF08B /* libjs32.a */ = {isa = PBXFileReference; lastKnownFileType = archive.ar; name = libjs32.a; path = ../spidermonkey/libjs32.a; sourceTree = "<group>"; };
/* End PBXFileReference section */

/* Begin PBXFrameworksBuildPhase section */
		648AF6E127CFEF79009327DE /* Frameworks */ = {
			isa = PBXFrameworksBuildPhase;
			buildActionMask = 2147483647;
			files = (
				648AF6EE27CFEFA3009327DE /* libz.tbd in Frameworks */,
				64EAC33128484667004BF08B /* libjs32.a in Frameworks */,
			);
			runOnlyForDeploymentPostprocessing = 0;
		};
/* End PBXFrameworksBuildPhase section */

/* Begin PBXGroup section */
		6400D388284CE45700AADA54 /* Base Objects */ = {
			isa = PBXGroup;
			children = (
				648AF70127CFF2CC009327DE /* boats.cpp */,
				648AF70827CFF2CC009327DE /* cBaseobject.cpp */,
				648AF76327CFF2CD009327DE /* cBaseObject.h */,
				648AF74427CFF2CD009327DE /* cChar.cpp */,
				648AF73027CFF2CC009327DE /* cChar.h */,
				648AF74227CFF2CD009327DE /* cGuild.cpp */,
				648AF70327CFF2CC009327DE /* cGuild.h */,
				648AF70527CFF2CC009327DE /* cItem.cpp */,
				648AF73527CFF2CC009327DE /* cItem.h */,
				648AF70E27CFF2CC009327DE /* cMultiObj.cpp */,
				648AF76227CFF2CD009327DE /* cMultiObj.h */,
				648AF74127CFF2CD009327DE /* funcdecl.h */,
				648AF78027CFF2CD009327DE /* ObjectFactory.cpp */,
				648AF72227CFF2CC009327DE /* ObjectFactory.h */,
				648AF77827CFF2CD009327DE /* PageVector.h */,
				648AF71727CFF2CC009327DE /* queue.cpp */,
				648AF79527CFF2CD009327DE /* speech.cpp */,
				648AF79027CFF2CD009327DE /* speech.h */,
				648AF72627CFF2CC009327DE /* townregion.cpp */,
				648AF70C27CFF2CC009327DE /* townregion.h */,
				648AF72127CFF2CC009327DE /* uoxstruct.h */,
			);
			name = "Base Objects";
			sourceTree = "<group>";
		};
		6400D389284CE53500AADA54 /* JSEngine */ = {
			isa = PBXGroup;
			children = (
				648AF73D27CFF2CD009327DE /* CJSEngine.cpp */,
				648AF73C27CFF2CD009327DE /* CJSEngine.h */,
				648AF77227CFF2CD009327DE /* CJSMapping.cpp */,
				648AF78C27CFF2CD009327DE /* CJSMapping.h */,
				648AF6FD27CFF2CC009327DE /* cScript.cpp */,
				648AF72827CFF2CC009327DE /* cScript.h */,
				648AF78927CFF2CD009327DE /* JSEncapsulate.cpp */,
				648AF76027CFF2CD009327DE /* JSEncapsulate.h */,
				648AF71B27CFF2CC009327DE /* SEFunctions.cpp */,
				648AF72927CFF2CC009327DE /* SEFunctions.h */,
				648AF72A27CFF2CC009327DE /* UOXJSClasses.h */,
				648AF73327CFF2CC009327DE /* UOXJSMethods.cpp */,
				648AF70427CFF2CC009327DE /* UOXJSMethods.h */,
				648AF75A27CFF2CD009327DE /* UOXJSPropertyEnums.h */,
				648AF72F27CFF2CC009327DE /* UOXJSPropertyFuncs.cpp */,
				648AF73E27CFF2CD009327DE /* UOXJSPropertyFuncs.h */,
				648AF71A27CFF2CC009327DE /* UOXJSPropertySpecs.h */,
			);
			name = JSEngine;
			sourceTree = "<group>";
		};
		6400D38A284CE5A200AADA54 /* Network */ = {
			isa = PBXGroup;
			children = (
				648AF6FC27CFF2CC009327DE /* CPacketReceive.cpp */,
				648AF75C27CFF2CD009327DE /* CPacketReceive.h */,
				648AF77627CFF2CD009327DE /* CPacketSend.cpp */,
				648AF77127CFF2CD009327DE /* CPacketSend.h */,
				648AF71427CFF2CC009327DE /* cSocket.cpp */,
				648AF79427CFF2CD009327DE /* cSocket.h */,
				648AF70227CFF2CC009327DE /* IP4Address.cpp */,
				648AF77427CFF2CD009327DE /* IP4Address.hpp */,
				648AF74A27CFF2CD009327DE /* network.cpp */,
				648AF77727CFF2CD009327DE /* network.h */,
			);
			name = Network;
			sourceTree = "<group>";
		};
		6400D38B284CE5EC00AADA54 /* Other */ = {
			isa = PBXGroup;
			children = (
				648AF78A27CFF2CD009327DE /* ai.cpp */,
				648AF71D27CFF2CC009327DE /* archive.cpp */,
				648AF6FA27CFF2CC009327DE /* calcfuncs.cpp */,
				648AF75227CFF2CD009327DE /* cDice.cpp */,
				648AF75527CFF2CD009327DE /* cdice.h */,
				648AF78627CFF2CD009327DE /* classes.h */,
				648AF75127CFF2CD009327DE /* cmdtable.cpp */,
				648AF70F27CFF2CC009327DE /* cmdtable.h */,
				648AF76627CFF2CD009327DE /* cPlayerAction.cpp */,
				648AF73427CFF2CC009327DE /* cRaces.cpp */,
				648AF72E27CFF2CC009327DE /* cRaces.h */,
				648AF72D27CFF2CC009327DE /* CResponse.cpp */,
				648AF71927CFF2CC009327DE /* CResponse.h */,
				648AF79227CFF2CD009327DE /* cSkillClass.h */,
				648AF76927CFF2CD009327DE /* cSpawnRegion.cpp */,
				648AF6F827CFF2CC009327DE /* cSpawnRegion.h */,
				648AF75427CFF2CD009327DE /* cVersionClass.cpp */,
				648AF78D27CFF2CD009327DE /* cVersionClass.h */,
				648AF6F727CFF2CC009327DE /* dist.cpp */,
				648AF79327CFF2CD009327DE /* effect.cpp */,
				648AF77027CFF2CD009327DE /* fileio.cpp */,
				648AF73A27CFF2CD009327DE /* findfuncs.cpp */,
				648AF76727CFF2CD009327DE /* gump.h */,
				648AF74C27CFF2CD009327DE /* gumps.cpp */,
				648AF76427CFF2CD009327DE /* msgboard.cpp */,
				648AF6FF27CFF2CC009327DE /* msgboard.h */,
				648AF78127CFF2CD009327DE /* npcs.cpp */,
				648AF78B27CFF2CD009327DE /* pcmanage.cpp */,
				648AF73927CFF2CD009327DE /* power.h */,
				648AF78327CFF2CD009327DE /* resource.h */,
			);
			name = Other;
			sourceTree = "<group>";
		};
		6400D38C284CE68600AADA54 /* Script */ = {
			isa = PBXGroup;
			children = (
				648AF73B27CFF2CD009327DE /* Dictionary.cpp */,
				648AF71E27CFF2CC009327DE /* Dictionary.h */,
				648AF75E27CFF2CD009327DE /* scriptc.cpp */,
				648AF74B27CFF2CD009327DE /* scriptc.h */,
				648AF75927CFF2CD009327DE /* ssection.cpp */,
				648AF77327CFF2CD009327DE /* ssection.h */,
			);
			name = Script;
			sourceTree = "<group>";
		};
		6400D38D284CE6C300AADA54 /* Subsystem */ = {
			isa = PBXGroup;
			children = (
				642E11B028549716003AA848 /* BaseWorld */,
				648AF77527CFF2CD009327DE /* books.cpp */,
				648AF6FB27CFF2CC009327DE /* books.h */,
				648AF77F27CFF2CD009327DE /* cAccountClass.cpp */,
				648AF72427CFF2CC009327DE /* cAccountClass.h */,
				648AF71C27CFF2CC009327DE /* cEffects.h */,
				648AF78727CFF2CD009327DE /* CGump.cpp */,
				648AF74827CFF2CD009327DE /* cHTMLSystem.cpp */,
				648AF74F27CFF2CD009327DE /* cHTMLSystem.h */,
				648AF72C27CFF2CC009327DE /* cMagic.h */,
				648AF78527CFF2CD009327DE /* combat.cpp */,
				648AF74927CFF2CD009327DE /* combat.h */,
				648AF74527CFF2CD009327DE /* commands.cpp */,
				648AF74027CFF2CD009327DE /* commands.h */,
				648AF76527CFF2CD009327DE /* cWeather.cpp */,
				648AF76A27CFF2CD009327DE /* cWeather.hpp */,
				648AF72B27CFF2CC009327DE /* house.cpp */,
				648AF75327CFF2CD009327DE /* items.cpp */,
				648AF71227CFF2CC009327DE /* jail.cpp */,
				648AF71027CFF2CC009327DE /* jail.h */,
				648AF72027CFF2CC009327DE /* lineofsight.cpp */,
				648AF73F27CFF2CD009327DE /* magic.cpp */,
				648AF70D27CFF2CC009327DE /* magic.h */,
				648AF76827CFF2CD009327DE /* movement.cpp */,
				648AF71327CFF2CC009327DE /* movement.h */,
				648AF76B27CFF2CD009327DE /* PartySystem.cpp */,
				648AF78227CFF2CD009327DE /* PartySystem.h */,
				648AF77A27CFF2CD009327DE /* quantityfuncs.cpp */,
				648AF75627CFF2CD009327DE /* regions.cpp */,
				648AF76C27CFF2CD009327DE /* regions.h */,
				648AF73827CFF2CD009327DE /* skills.cpp */,
				648AF6F927CFF2CC009327DE /* skills.h */,
				648AF74D27CFF2CD009327DE /* sound.cpp */,
				648AF73727CFF2CD009327DE /* targeting.cpp */,
				648AF74E27CFF2CD009327DE /* teffect.h */,
				648AF78E27CFF2CD009327DE /* trade.cpp */,
				648AF76E27CFF2CD009327DE /* vendor.cpp */,
				648AF79127CFF2CD009327DE /* weight.cpp */,
				648AF75D27CFF2CD009327DE /* weight.h */,
				648AF78427CFF2CD009327DE /* wholist.cpp */,
				648AF77E27CFF2CD009327DE /* wholist.h */,
			);
			name = Subsystem;
			sourceTree = "<group>";
		};
		6400D38E284CE74C00AADA54 /* UOData */ = {
			isa = PBXGroup;
			children = (
				648AF71F27CFF2CC009327DE /* mapclasses.h */,
				648AF76127CFF2CD009327DE /* mapstuff.cpp */,
				648AF71527CFF2CC009327DE /* mapstuff.h */,
				648AF73627CFF2CD009327DE /* MultiMul.cpp */,
				648AF76D27CFF2CD009327DE /* MultiMul.hpp */,
				648AF73227CFF2CC009327DE /* UOPData.cpp */,
				648AF78827CFF2CD009327DE /* UOPData.hpp */,
			);
			name = UOData;
			sourceTree = "<group>";
		};
		6400D38F284CE78000AADA54 /* Utility */ = {
			isa = PBXGroup;
			children = (
				648AF74327CFF2CD009327DE /* EventTimer.cpp */,
				648AF75F27CFF2CD009327DE /* EventTimer.hpp */,
				648AF73127CFF2CC009327DE /* GenericList.h */,
				648AF77927CFF2CD009327DE /* StringUtility.cpp */,
				648AF72727CFF2CC009327DE /* StringUtility.hpp */,
				648AF72527CFF2CC009327DE /* TimeUtility.cpp */,
				648AF70B27CFF2CC009327DE /* TimeUtility.hpp */,
			);
			name = Utility;
			sourceTree = "<group>";
		};
		6400D390284CE7A300AADA54 /* General */ = {
			isa = PBXGroup;
			children = (
				648AF75B27CFF2CD009327DE /* UOXStdHeaders.h */,
				6452D32127D3A7CB00E5AFB4 /* osunique.cpp */,
				6452D32027D2E13B00E5AFB4 /* osunique.hpp */,
				648AF6FE27CFF2CC009327DE /* ConfigOS.h */,
				648AF75727CFF2CD009327DE /* Prerequisites.h */,
				648AF77C27CFF2CD009327DE /* typedefs.h */,
				648AF78F27CFF2CD009327DE /* enums.h */,
			);
			name = General;
			sourceTree = "<group>";
		};
		6400D391284CE7C000AADA54 /* Not Used */ = {
			isa = PBXGroup;
			children = (
			);
			name = "Not Used";
			sourceTree = "<group>";
		};
		642E11B028549716003AA848 /* BaseWorld */ = {
			isa = PBXGroup;
			children = (
				648AF6F627CFF2CC009327DE /* cConsole.cpp */,
				648AF75027CFF2CD009327DE /* cConsole.h */,
				648AF74727CFF2CD009327DE /* cThreadQueue.cpp */,
				648AF76F27CFF2CD009327DE /* cThreadQueue.h */,
				648AF70727CFF2CC009327DE /* worldmain.cpp */,
				648AF70627CFF2CC009327DE /* worldmain.h */,
				648AF70A27CFF2CC009327DE /* cServerData.cpp */,
				648AF74627CFF2CD009327DE /* cServerData.h */,
				648AF75827CFF2CD009327DE /* cServerDefinitions.cpp */,
				648AF71127CFF2CC009327DE /* cServerDefinitions.h */,
			);
			name = BaseWorld;
			sourceTree = "<group>";
		};
		648AF6D927CFEEC5009327DE = {
			isa = PBXGroup;
			children = (
				648AF6F527CFF1F2009327DE /* source */,
				648AF6E527CFEF79009327DE /* Products */,
				648AF6EC27CFEF94009327DE /* Frameworks */,
			);
			sourceTree = "<group>";
		};
		648AF6E527CFEF79009327DE /* Products */ = {
			isa = PBXGroup;
			children = (
				648AF6E427CFEF79009327DE /* uox3 */,
			);
			name = Products;
			sourceTree = "<group>";
		};
		648AF6EC27CFEF94009327DE /* Frameworks */ = {
			isa = PBXGroup;
			children = (
				64EAC33028484655004BF08B /* libjs32.a */,
				648AF6EF27CFF0F5009327DE /* libjs.a */,
				648AF6ED27CFEF94009327DE /* libz.tbd */,
			);
			name = Frameworks;
			sourceTree = "<group>";
		};
		648AF6F527CFF1F2009327DE /* source */ = {
			isa = PBXGroup;
			children = (
				6453667E285A04130064E649 /* CMakeLists.txt */,
				6453667D2859FB340064E649 /* Changelog.txt */,
				6400D391284CE7C000AADA54 /* Not Used */,
				6400D390284CE7A300AADA54 /* General */,
				6400D38F284CE78000AADA54 /* Utility */,
				6400D38E284CE74C00AADA54 /* UOData */,
				6400D38D284CE6C300AADA54 /* Subsystem */,
				6400D38C284CE68600AADA54 /* Script */,
				6400D38B284CE5EC00AADA54 /* Other */,
				6400D38A284CE5A200AADA54 /* Network */,
				6400D389284CE53500AADA54 /* JSEngine */,
				6400D388284CE45700AADA54 /* Base Objects */,
				648AF70027CFF2CC009327DE /* uox3.cpp */,
				648AF72327CFF2CC009327DE /* uox3.h */,
			);
			path = source;
			sourceTree = "<group>";
		};
/* End PBXGroup section */

/* Begin PBXNativeTarget section */
		648AF6E327CFEF79009327DE /* uox3 */ = {
			isa = PBXNativeTarget;
			buildConfigurationList = 648AF6EB27CFEF79009327DE /* Build configuration list for PBXNativeTarget "uox3" */;
			buildPhases = (
				648AF6E027CFEF79009327DE /* Sources */,
				648AF6E127CFEF79009327DE /* Frameworks */,
				648AF6E227CFEF79009327DE /* CopyFiles */,
			);
			buildRules = (
			);
			dependencies = (
			);
			name = uox3;
			productName = uox3;
			productReference = 648AF6E427CFEF79009327DE /* uox3 */;
			productType = "com.apple.product-type.tool";
		};
/* End PBXNativeTarget section */

/* Begin PBXProject section */
		648AF6DA27CFEEC5009327DE /* Project object */ = {
			isa = PBXProject;
			attributes = {
				BuildIndependentTargetsInParallel = 1;
				LastUpgradeCheck = 1330;
				ORGANIZATIONNAME = "Charles Kerr";
				TargetAttributes = {
					648AF6E327CFEF79009327DE = {
						CreatedOnToolsVersion = 13.2.1;
					};
				};
			};
			buildConfigurationList = 648AF6DD27CFEEC5009327DE /* Build configuration list for PBXProject "uox3" */;
			compatibilityVersion = "Xcode 13.0";
			developmentRegion = en;
			hasScannedForEncodings = 0;
			knownRegions = (
				en,
				Base,
			);
			mainGroup = 648AF6D927CFEEC5009327DE;
			productRefGroup = 648AF6E527CFEF79009327DE /* Products */;
			projectDirPath = "";
			projectRoot = "";
			targets = (
				648AF6E327CFEF79009327DE /* uox3 */,
			);
		};
/* End PBXProject section */

/* Begin PBXSourcesBuildPhase section */
		648AF6E027CFEF79009327DE /* Sources */ = {
			isa = PBXSourcesBuildPhase;
			buildActionMask = 2147483647;
			files = (
				648AF7CF27CFF2CD009327DE /* movement.cpp in Sources */,
				648AF7CD27CFF2CD009327DE /* cWeather.cpp in Sources */,
				648AF7BB27CFF2CD009327DE /* EventTimer.cpp in Sources */,
				648AF79827CFF2CD009327DE /* calcfuncs.cpp in Sources */,
				648AF7AC27CFF2CD009327DE /* townregion.cpp in Sources */,
				648AF7CC27CFF2CD009327DE /* msgboard.cpp in Sources */,
				648AF7C327CFF2CD009327DE /* cmdtable.cpp in Sources */,
				648AF7B027CFF2CD009327DE /* UOPData.cpp in Sources */,
				648AF7B427CFF2CD009327DE /* targeting.cpp in Sources */,
				648AF7B627CFF2CD009327DE /* findfuncs.cpp in Sources */,
				648AF7A327CFF2CD009327DE /* jail.cpp in Sources */,
				648AF7BE27CFF2CD009327DE /* cThreadQueue.cpp in Sources */,
				648AF7BC27CFF2CD009327DE /* cChar.cpp in Sources */,
				648AF7A927CFF2CD009327DE /* archive.cpp in Sources */,
				648AF79F27CFF2CD009327DE /* worldmain.cpp in Sources */,
				648AF7BF27CFF2CD009327DE /* cHTMLSystem.cpp in Sources */,
				648AF7C027CFF2CD009327DE /* network.cpp in Sources */,
				648AF7E127CFF2CD009327DE /* pcmanage.cpp in Sources */,
				648AF7DD27CFF2CD009327DE /* combat.cpp in Sources */,
				648AF7E527CFF2CD009327DE /* speech.cpp in Sources */,
				648AF7D027CFF2CD009327DE /* cSpawnRegion.cpp in Sources */,
				648AF7B827CFF2CD009327DE /* CJSEngine.cpp in Sources */,
				648AF79927CFF2CD009327DE /* CPacketReceive.cpp in Sources */,
				648AF7D627CFF2CD009327DE /* CPacketSend.cpp in Sources */,
				648AF7CA27CFF2CD009327DE /* scriptc.cpp in Sources */,
				648AF7DA27CFF2CD009327DE /* ObjectFactory.cpp in Sources */,
				648AF7B327CFF2CD009327DE /* MultiMul.cpp in Sources */,
				648AF79D27CFF2CD009327DE /* IP4Address.cpp in Sources */,
				648AF7E427CFF2CD009327DE /* effect.cpp in Sources */,
				648AF7D527CFF2CD009327DE /* books.cpp in Sources */,
				648AF7A227CFF2CD009327DE /* cMultiObj.cpp in Sources */,
				648AF7A427CFF2CD009327DE /* cSocket.cpp in Sources */,
				648AF7B527CFF2CD009327DE /* skills.cpp in Sources */,
				648AF7CB27CFF2CD009327DE /* mapstuff.cpp in Sources */,
				648AF7AF27CFF2CD009327DE /* UOXJSPropertyFuncs.cpp in Sources */,
				648AF7A127CFF2CD009327DE /* cServerData.cpp in Sources */,
				648AF7B727CFF2CD009327DE /* Dictionary.cpp in Sources */,
				648AF7E027CFF2CD009327DE /* ai.cpp in Sources */,
				648AF7C927CFF2CD009327DE /* ssection.cpp in Sources */,
				648AF7A627CFF2CD009327DE /* queue.cpp in Sources */,
				648AF7B227CFF2CD009327DE /* cRaces.cpp in Sources */,
				648AF7BA27CFF2CD009327DE /* cGuild.cpp in Sources */,
				648AF7B127CFF2CD009327DE /* UOXJSMethods.cpp in Sources */,
				648AF7AA27CFF2CD009327DE /* lineofsight.cpp in Sources */,
				648AF7A827CFF2CD009327DE /* SEFunctions.cpp in Sources */,
				648AF79B27CFF2CD009327DE /* uox3.cpp in Sources */,
				648AF7A027CFF2CD009327DE /* cBaseobject.cpp in Sources */,
				648AF7C427CFF2CD009327DE /* cDice.cpp in Sources */,
				648AF79C27CFF2CD009327DE /* boats.cpp in Sources */,
				648AF7C727CFF2CD009327DE /* regions.cpp in Sources */,
				648AF7D727CFF2CD009327DE /* StringUtility.cpp in Sources */,
				648AF7B927CFF2CD009327DE /* magic.cpp in Sources */,
				648AF7E227CFF2CD009327DE /* trade.cpp in Sources */,
				648AF7AE27CFF2CD009327DE /* CResponse.cpp in Sources */,
				648AF7D327CFF2CD009327DE /* fileio.cpp in Sources */,
				648AF79A27CFF2CD009327DE /* cScript.cpp in Sources */,
				648AF7AB27CFF2CD009327DE /* TimeUtility.cpp in Sources */,
				648AF7C627CFF2CD009327DE /* cVersionClass.cpp in Sources */,
				648AF7DF27CFF2CD009327DE /* JSEncapsulate.cpp in Sources */,
				648AF7D927CFF2CD009327DE /* cAccountClass.cpp in Sources */,
				648AF7E327CFF2CD009327DE /* weight.cpp in Sources */,
				648AF7C227CFF2CD009327DE /* sound.cpp in Sources */,
				648AF7D127CFF2CD009327DE /* PartySystem.cpp in Sources */,
				648AF79627CFF2CD009327DE /* cConsole.cpp in Sources */,
				648AF7CE27CFF2CD009327DE /* cPlayerAction.cpp in Sources */,
				648AF7DE27CFF2CD009327DE /* CGump.cpp in Sources */,
				6452D32227D3A7CB00E5AFB4 /* osunique.cpp in Sources */,
				648AF7D227CFF2CD009327DE /* vendor.cpp in Sources */,
				648AF7C827CFF2CD009327DE /* cServerDefinitions.cpp in Sources */,
				648AF7C127CFF2CD009327DE /* gumps.cpp in Sources */,
				648AF79E27CFF2CD009327DE /* cItem.cpp in Sources */,
				648AF7DB27CFF2CD009327DE /* npcs.cpp in Sources */,
				648AF7DC27CFF2CD009327DE /* wholist.cpp in Sources */,
				648AF7C527CFF2CD009327DE /* items.cpp in Sources */,
				648AF7D827CFF2CD009327DE /* quantityfuncs.cpp in Sources */,
				648AF7AD27CFF2CD009327DE /* house.cpp in Sources */,
				648AF79727CFF2CD009327DE /* dist.cpp in Sources */,
				648AF7D427CFF2CD009327DE /* CJSMapping.cpp in Sources */,
				648AF7BD27CFF2CD009327DE /* commands.cpp in Sources */,
			);
			runOnlyForDeploymentPostprocessing = 0;
		};
/* End PBXSourcesBuildPhase section */

/* Begin XCBuildConfiguration section */
		648AF6DE27CFEEC5009327DE /* Debug */ = {
			isa = XCBuildConfiguration;
			buildSettings = {
				CLANG_CXX_LANGUAGE_STANDARD = "c++17";
				CLANG_WARN_BLOCK_CAPTURE_AUTORELEASING = YES;
				CLANG_WARN_BOOL_CONVERSION = YES;
				CLANG_WARN_COMMA = YES;
				CLANG_WARN_CONSTANT_CONVERSION = YES;
				CLANG_WARN_DEPRECATED_OBJC_IMPLEMENTATIONS = YES;
				CLANG_WARN_EMPTY_BODY = YES;
				CLANG_WARN_ENUM_CONVERSION = YES;
				CLANG_WARN_INFINITE_RECURSION = YES;
				CLANG_WARN_INT_CONVERSION = YES;
				CLANG_WARN_NON_LITERAL_NULL_CONVERSION = YES;
				CLANG_WARN_OBJC_IMPLICIT_RETAIN_SELF = YES;
				CLANG_WARN_OBJC_LITERAL_CONVERSION = YES;
				CLANG_WARN_QUOTED_INCLUDE_IN_FRAMEWORK_HEADER = YES;
				CLANG_WARN_RANGE_LOOP_ANALYSIS = YES;
				CLANG_WARN_STRICT_PROTOTYPES = YES;
				CLANG_WARN_SUSPICIOUS_MOVE = YES;
				CLANG_WARN_UNREACHABLE_CODE = YES;
				CLANG_WARN__DUPLICATE_METHOD_MATCH = YES;
				ENABLE_STRICT_OBJC_MSGSEND = YES;
				ENABLE_TESTABILITY = YES;
				GCC_NO_COMMON_BLOCKS = YES;
				GCC_WARN_64_TO_32_BIT_CONVERSION = YES;
				GCC_WARN_ABOUT_RETURN_TYPE = YES;
				GCC_WARN_UNDECLARED_SELECTOR = YES;
				GCC_WARN_UNINITIALIZED_AUTOS = YES;
				GCC_WARN_UNUSED_FUNCTION = YES;
				GCC_WARN_UNUSED_VARIABLE = YES;
				LIBRARY_SEARCH_PATHS = ../spidermonkey;
				ONLY_ACTIVE_ARCH = YES;
				USER_HEADER_SEARCH_PATHS = ../spidermonkey;
			};
			name = Debug;
		};
		648AF6DF27CFEEC5009327DE /* Release */ = {
			isa = XCBuildConfiguration;
			buildSettings = {
				CLANG_CXX_LANGUAGE_STANDARD = "c++17";
				CLANG_WARN_BLOCK_CAPTURE_AUTORELEASING = YES;
				CLANG_WARN_BOOL_CONVERSION = YES;
				CLANG_WARN_COMMA = YES;
				CLANG_WARN_CONSTANT_CONVERSION = YES;
				CLANG_WARN_DEPRECATED_OBJC_IMPLEMENTATIONS = YES;
				CLANG_WARN_EMPTY_BODY = YES;
				CLANG_WARN_ENUM_CONVERSION = YES;
				CLANG_WARN_INFINITE_RECURSION = YES;
				CLANG_WARN_INT_CONVERSION = YES;
				CLANG_WARN_NON_LITERAL_NULL_CONVERSION = YES;
				CLANG_WARN_OBJC_IMPLICIT_RETAIN_SELF = YES;
				CLANG_WARN_OBJC_LITERAL_CONVERSION = YES;
				CLANG_WARN_QUOTED_INCLUDE_IN_FRAMEWORK_HEADER = YES;
				CLANG_WARN_RANGE_LOOP_ANALYSIS = YES;
				CLANG_WARN_STRICT_PROTOTYPES = YES;
				CLANG_WARN_SUSPICIOUS_MOVE = YES;
				CLANG_WARN_UNREACHABLE_CODE = YES;
				CLANG_WARN__DUPLICATE_METHOD_MATCH = YES;
				ENABLE_STRICT_OBJC_MSGSEND = YES;
				GCC_NO_COMMON_BLOCKS = YES;
				GCC_WARN_64_TO_32_BIT_CONVERSION = YES;
				GCC_WARN_ABOUT_RETURN_TYPE = YES;
				GCC_WARN_UNDECLARED_SELECTOR = YES;
				GCC_WARN_UNINITIALIZED_AUTOS = YES;
				GCC_WARN_UNUSED_FUNCTION = YES;
				GCC_WARN_UNUSED_VARIABLE = YES;
				LIBRARY_SEARCH_PATHS = ../spidermonkey;
				USER_HEADER_SEARCH_PATHS = ../spidermonkey;
			};
			name = Release;
		};
		648AF6E927CFEF79009327DE /* Debug */ = {
			isa = XCBuildConfiguration;
			buildSettings = {
				ALWAYS_SEARCH_USER_PATHS = NO;
				CLANG_ANALYZER_NONNULL = YES;
				CLANG_ANALYZER_NUMBER_OBJECT_CONVERSION = YES_AGGRESSIVE;
				CLANG_CXX_LANGUAGE_STANDARD = "c++17";
				CLANG_CXX_LIBRARY = "libc++";
				CLANG_ENABLE_MODULES = YES;
				CLANG_ENABLE_OBJC_ARC = YES;
				CLANG_ENABLE_OBJC_WEAK = YES;
				CLANG_WARN_BLOCK_CAPTURE_AUTORELEASING = YES;
				CLANG_WARN_BOOL_CONVERSION = YES;
				CLANG_WARN_COMMA = YES;
				CLANG_WARN_CONSTANT_CONVERSION = YES;
				CLANG_WARN_DEPRECATED_OBJC_IMPLEMENTATIONS = YES;
				CLANG_WARN_DIRECT_OBJC_ISA_USAGE = YES_ERROR;
				CLANG_WARN_DOCUMENTATION_COMMENTS = YES;
				CLANG_WARN_EMPTY_BODY = YES;
				CLANG_WARN_ENUM_CONVERSION = YES;
				CLANG_WARN_INFINITE_RECURSION = YES;
				CLANG_WARN_INT_CONVERSION = YES;
				CLANG_WARN_NON_LITERAL_NULL_CONVERSION = YES;
				CLANG_WARN_OBJC_IMPLICIT_RETAIN_SELF = YES;
				CLANG_WARN_OBJC_LITERAL_CONVERSION = YES;
				CLANG_WARN_OBJC_ROOT_CLASS = YES_ERROR;
				CLANG_WARN_QUOTED_INCLUDE_IN_FRAMEWORK_HEADER = YES;
				CLANG_WARN_RANGE_LOOP_ANALYSIS = YES;
				CLANG_WARN_STRICT_PROTOTYPES = YES;
				CLANG_WARN_SUSPICIOUS_MOVE = YES;
				CLANG_WARN_UNGUARDED_AVAILABILITY = YES_AGGRESSIVE;
				CLANG_WARN_UNREACHABLE_CODE = YES;
				CLANG_WARN__DUPLICATE_METHOD_MATCH = YES;
				CODE_SIGN_IDENTITY = "-";
				CODE_SIGN_STYLE = Automatic;
				COPY_PHASE_STRIP = NO;
				DEBUG_INFORMATION_FORMAT = dwarf;
				DEVELOPMENT_TEAM = CF264WE69M;
				ENABLE_HARDENED_RUNTIME = YES;
				ENABLE_STRICT_OBJC_MSGSEND = YES;
				ENABLE_TESTABILITY = YES;
				GCC_C_LANGUAGE_STANDARD = c11;
				GCC_DYNAMIC_NO_PIC = NO;
				GCC_NO_COMMON_BLOCKS = YES;
				GCC_OPTIMIZATION_LEVEL = 0;
				GCC_PREPROCESSOR_DEFINITIONS = (
					"DEBUG=1",
					"$(inherited)",
				);
				GCC_WARN_64_TO_32_BIT_CONVERSION = YES;
				GCC_WARN_ABOUT_RETURN_TYPE = YES_ERROR;
				GCC_WARN_UNDECLARED_SELECTOR = YES;
				GCC_WARN_UNINITIALIZED_AUTOS = YES_AGGRESSIVE;
				GCC_WARN_UNUSED_FUNCTION = YES;
				GCC_WARN_UNUSED_VARIABLE = YES;
				MACOSX_DEPLOYMENT_TARGET = 12.1;
				MTL_ENABLE_DEBUG_INFO = INCLUDE_SOURCE;
				MTL_FAST_MATH = YES;
				ONLY_ACTIVE_ARCH = YES;
				PRODUCT_NAME = "$(TARGET_NAME)";
				SDKROOT = macosx;
				WARNING_CFLAGS = "-Wno-shift-negative-value";
			};
			name = Debug;
		};
		648AF6EA27CFEF79009327DE /* Release */ = {
			isa = XCBuildConfiguration;
			buildSettings = {
				ALWAYS_SEARCH_USER_PATHS = NO;
				CLANG_ANALYZER_NONNULL = YES;
				CLANG_ANALYZER_NUMBER_OBJECT_CONVERSION = YES_AGGRESSIVE;
				CLANG_CXX_LANGUAGE_STANDARD = "c++17";
				CLANG_CXX_LIBRARY = "libc++";
				CLANG_ENABLE_MODULES = YES;
				CLANG_ENABLE_OBJC_ARC = YES;
				CLANG_ENABLE_OBJC_WEAK = YES;
				CLANG_WARN_BLOCK_CAPTURE_AUTORELEASING = YES;
				CLANG_WARN_BOOL_CONVERSION = YES;
				CLANG_WARN_COMMA = YES;
				CLANG_WARN_CONSTANT_CONVERSION = YES;
				CLANG_WARN_DEPRECATED_OBJC_IMPLEMENTATIONS = YES;
				CLANG_WARN_DIRECT_OBJC_ISA_USAGE = YES_ERROR;
				CLANG_WARN_DOCUMENTATION_COMMENTS = YES;
				CLANG_WARN_EMPTY_BODY = YES;
				CLANG_WARN_ENUM_CONVERSION = YES;
				CLANG_WARN_INFINITE_RECURSION = YES;
				CLANG_WARN_INT_CONVERSION = YES;
				CLANG_WARN_NON_LITERAL_NULL_CONVERSION = YES;
				CLANG_WARN_OBJC_IMPLICIT_RETAIN_SELF = YES;
				CLANG_WARN_OBJC_LITERAL_CONVERSION = YES;
				CLANG_WARN_OBJC_ROOT_CLASS = YES_ERROR;
				CLANG_WARN_QUOTED_INCLUDE_IN_FRAMEWORK_HEADER = YES;
				CLANG_WARN_RANGE_LOOP_ANALYSIS = YES;
				CLANG_WARN_STRICT_PROTOTYPES = YES;
				CLANG_WARN_SUSPICIOUS_MOVE = YES;
				CLANG_WARN_UNGUARDED_AVAILABILITY = YES_AGGRESSIVE;
				CLANG_WARN_UNREACHABLE_CODE = YES;
				CLANG_WARN__DUPLICATE_METHOD_MATCH = YES;
				CODE_SIGN_IDENTITY = "-";
				CODE_SIGN_STYLE = Automatic;
				COPY_PHASE_STRIP = NO;
				DEBUG_INFORMATION_FORMAT = "dwarf-with-dsym";
				DEVELOPMENT_TEAM = CF264WE69M;
				ENABLE_HARDENED_RUNTIME = YES;
				ENABLE_NS_ASSERTIONS = NO;
				ENABLE_STRICT_OBJC_MSGSEND = YES;
				GCC_C_LANGUAGE_STANDARD = c11;
				GCC_NO_COMMON_BLOCKS = YES;
				GCC_WARN_64_TO_32_BIT_CONVERSION = YES;
				GCC_WARN_ABOUT_RETURN_TYPE = YES_ERROR;
				GCC_WARN_UNDECLARED_SELECTOR = YES;
				GCC_WARN_UNINITIALIZED_AUTOS = YES_AGGRESSIVE;
				GCC_WARN_UNUSED_FUNCTION = YES;
				GCC_WARN_UNUSED_VARIABLE = YES;
				MACOSX_DEPLOYMENT_TARGET = 12.1;
				MTL_ENABLE_DEBUG_INFO = NO;
				MTL_FAST_MATH = YES;
				PRODUCT_NAME = "$(TARGET_NAME)";
				SDKROOT = macosx;
				WARNING_CFLAGS = "-Wno-shift-negative-value";
			};
			name = Release;
		};
/* End XCBuildConfiguration section */

/* Begin XCConfigurationList section */
		648AF6DD27CFEEC5009327DE /* Build configuration list for PBXProject "uox3" */ = {
			isa = XCConfigurationList;
			buildConfigurations = (
				648AF6DE27CFEEC5009327DE /* Debug */,
				648AF6DF27CFEEC5009327DE /* Release */,
			);
			defaultConfigurationIsVisible = 0;
			defaultConfigurationName = Release;
		};
		648AF6EB27CFEF79009327DE /* Build configuration list for PBXNativeTarget "uox3" */ = {
			isa = XCConfigurationList;
			buildConfigurations = (
				648AF6E927CFEF79009327DE /* Debug */,
				648AF6EA27CFEF79009327DE /* Release */,
			);
			defaultConfigurationIsVisible = 0;
			defaultConfigurationName = Release;
		};
/* End XCConfigurationList section */
	};
	rootObject = 648AF6DA27CFEEC5009327DE /* Project object */;
}
