
Microsoft Visual Studio Solution File, Format Version 12.00
# Visual Studio Version 17
VisualStudioVersion = 17.4.33122.133
MinimumVisualStudioVersion = 10.0.40219.1
Project("{8BC9CEB8-8B4A-11D0-8D11-00A0C91BC942}") = "uox3", "uox3.vcxproj", "{062AE4B6-C989-4919-ADBF-7CD5A2CF30C5}"
EndProject
Project("{8BC9CEB8-8B4A-11D0-8D11-00A0C91BC942}") = "jscript", "..\..\..\spidermonkey\make\vs2022\jscript\jscript.vcxproj", "{2AF3A5EA-0CEC-4D24-80F7-05E0B8B300C5}"
EndProject
Project("{8BC9CEB8-8B4A-11D0-8D11-00A0C91BC942}") = "zlib", "..\..\..\zlib\make\vs2022\zlib\zlib.vcxproj", "{091529FD-5075-45F1-9D96-5708B3AB7C2B}"
EndProject
Global
	GlobalSection(SolutionConfigurationPlatforms) = preSolution
		Debug|x64 = Debug|x64
		Release|x64 = Release|x64
	EndGlobalSection
	GlobalSection(ProjectConfigurationPlatforms) = postSolution
		{062AE4B6-C989-4919-ADBF-7CD5A2CF30C5}.Debug|x64.ActiveCfg = Debug|x64
		{062AE4B6-C989-4919-ADBF-7CD5A2CF30C5}.Debug|x64.Build.0 = Debug|x64
		{062AE4B6-C989-4919-ADBF-7CD5A2CF30C5}.Release|x64.ActiveCfg = Release|x64
		{062AE4B6-C989-4919-ADBF-7CD5A2CF30C5}.Release|x64.Build.0 = Release|x64
		{2AF3A5EA-0CEC-4D24-80F7-05E0B8B300C5}.Debug|x64.ActiveCfg = Debug|x64
		{2AF3A5EA-0CEC-4D24-80F7-05E0B8B300C5}.Debug|x64.Build.0 = Debug|x64
		{2AF3A5EA-0CEC-4D24-80F7-05E0B8B300C5}.Release|x64.ActiveCfg = Release|x64
		{2AF3A5EA-0CEC-4D24-80F7-05E0B8B300C5}.Release|x64.Build.0 = Release|x64
		{091529FD-5075-45F1-9D96-5708B3AB7C2B}.Debug|x64.ActiveCfg = Debug|x64
		{091529FD-5075-45F1-9D96-5708B3AB7C2B}.Debug|x64.Build.0 = Debug|x64
		{091529FD-5075-45F1-9D96-5708B3AB7C2B}.Release|x64.ActiveCfg = Release|x64
		{091529FD-5075-45F1-9D96-5708B3AB7C2B}.Release|x64.Build.0 = Release|x64
	EndGlobalSection
	GlobalSection(SolutionProperties) = preSolution
		HideSolutionNode = FALSE
	EndGlobalSection
	GlobalSection(ExtensibilityGlobals) = postSolution
		SolutionGuid = {CF21F62F-540E-4063-B542-B2421969D2C0}
	EndGlobalSection
EndGlobal
